// !$*UTF8*$!
{
	archiveVersion = 1;
	classes = {
	};
	objectVersion = 48;
	objects = {

/* Begin PBXBuildFile section */
		22E03F2F1F0A482B00974EA7 /* libarchive_ios.h in Headers */ = {isa = PBXBuildFile; fileRef = 22E03F2D1F0A482B00974EA7 /* libarchive_ios.h */; settings = {ATTRIBUTES = (Public, ); }; };
		22E03F331F0A486000974EA7 /* archive_acl.c in Sources */ = {isa = PBXBuildFile; fileRef = 22C6817C1F0A339A00077E19 /* archive_acl.c */; };
		22E03F341F0A486000974EA7 /* archive_check_magic.c in Sources */ = {isa = PBXBuildFile; fileRef = 22C6817F1F0A344B00077E19 /* archive_check_magic.c */; };
		22E03F351F0A486000974EA7 /* archive_cmdline.c in Sources */ = {isa = PBXBuildFile; fileRef = 22C681811F0A356C00077E19 /* archive_cmdline.c */; };
		22E03F361F0A486000974EA7 /* archive_cryptor.c in Sources */ = {isa = PBXBuildFile; fileRef = 22C681831F0A35AC00077E19 /* archive_cryptor.c */; };
		22E03F371F0A486000974EA7 /* archive_digest.c in Sources */ = {isa = PBXBuildFile; fileRef = 22C681851F0A35C500077E19 /* archive_digest.c */; };
		22E03F381F0A486000974EA7 /* archive_entry.c in Sources */ = {isa = PBXBuildFile; fileRef = 22C681871F0A35DE00077E19 /* archive_entry.c */; };
		22E03F391F0A486000974EA7 /* archive_entry_copy_stat.c in Sources */ = {isa = PBXBuildFile; fileRef = 22C681891F0A361E00077E19 /* archive_entry_copy_stat.c */; };
		22E03F3A1F0A486000974EA7 /* archive_entry_link_resolver.c in Sources */ = {isa = PBXBuildFile; fileRef = 22C6818B1F0A362600077E19 /* archive_entry_link_resolver.c */; };
		22E03F3B1F0A486000974EA7 /* archive_entry_sparse.c in Sources */ = {isa = PBXBuildFile; fileRef = 22C6818D1F0A362B00077E19 /* archive_entry_sparse.c */; };
		22E03F3C1F0A486000974EA7 /* archive_entry_stat.c in Sources */ = {isa = PBXBuildFile; fileRef = 22C6818F1F0A363C00077E19 /* archive_entry_stat.c */; };
		22E03F3D1F0A486000974EA7 /* archive_entry_strmode.c in Sources */ = {isa = PBXBuildFile; fileRef = 22C681911F0A364200077E19 /* archive_entry_strmode.c */; };
		22E03F3E1F0A486000974EA7 /* archive_entry_xattr.c in Sources */ = {isa = PBXBuildFile; fileRef = 22C681931F0A364600077E19 /* archive_entry_xattr.c */; };
		22E03F3F1F0A486000974EA7 /* archive_hmac.c in Sources */ = {isa = PBXBuildFile; fileRef = 22C681951F0A365700077E19 /* archive_hmac.c */; };
		22E03F401F0A486000974EA7 /* archive_match.c in Sources */ = {isa = PBXBuildFile; fileRef = 22C681971F0A366800077E19 /* archive_match.c */; };
		22E03F411F0A486000974EA7 /* archive_options.c in Sources */ = {isa = PBXBuildFile; fileRef = 22C681991F0A375A00077E19 /* archive_options.c */; };
		22E03F421F0A486000974EA7 /* archive_pack_dev.c in Sources */ = {isa = PBXBuildFile; fileRef = 22C6819B1F0A376800077E19 /* archive_pack_dev.c */; };
		22E03F431F0A486000974EA7 /* archive_pathmatch.c in Sources */ = {isa = PBXBuildFile; fileRef = 22C681CC1F0A37A800077E19 /* archive_pathmatch.c */; };
		22E03F441F0A486000974EA7 /* archive_ppmd7.c in Sources */ = {isa = PBXBuildFile; fileRef = 22C6819D1F0A37A200077E19 /* archive_ppmd7.c */; };
		22E03F451F0A486000974EA7 /* archive_random.c in Sources */ = {isa = PBXBuildFile; fileRef = 22C681C81F0A37A700077E19 /* archive_random.c */; };
		22E03F461F0A486000974EA7 /* archive_rb.c in Sources */ = {isa = PBXBuildFile; fileRef = 22C681BA1F0A37A600077E19 /* archive_rb.c */; };
		22E03F471F0A486000974EA7 /* archive_read_add_passphrase.c in Sources */ = {isa = PBXBuildFile; fileRef = 22C681B81F0A37A500077E19 /* archive_read_add_passphrase.c */; };
		22E03F481F0A486000974EA7 /* archive_read_append_filter.c in Sources */ = {isa = PBXBuildFile; fileRef = 22C681B21F0A37A500077E19 /* archive_read_append_filter.c */; };
		22E03F491F0A486000974EA7 /* archive_read_data_into_fd.c in Sources */ = {isa = PBXBuildFile; fileRef = 22C681AC1F0A37A400077E19 /* archive_read_data_into_fd.c */; };
		22E03F4A1F0A486000974EA7 /* archive_read_disk_entry_from_file.c in Sources */ = {isa = PBXBuildFile; fileRef = 22C681B31F0A37A500077E19 /* archive_read_disk_entry_from_file.c */; };
		22E03F4B1F0A486000974EA7 /* archive_read_disk_posix.c in Sources */ = {isa = PBXBuildFile; fileRef = 22C681A41F0A37A300077E19 /* archive_read_disk_posix.c */; };
		22E03F4C1F0A486000974EA7 /* archive_read_disk_set_standard_lookup.c in Sources */ = {isa = PBXBuildFile; fileRef = 22C6819E1F0A37A300077E19 /* archive_read_disk_set_standard_lookup.c */; };
		22E03F4D1F0A486000974EA7 /* archive_read_disk_windows.c in Sources */ = {isa = PBXBuildFile; fileRef = 22C681C01F0A37A600077E19 /* archive_read_disk_windows.c */; };
		22E03F4E1F0A486000974EA7 /* archive_read_extract.c in Sources */ = {isa = PBXBuildFile; fileRef = 22C681B41F0A37A500077E19 /* archive_read_extract.c */; };
		22E03F4F1F0A486000974EA7 /* archive_read_extract2.c in Sources */ = {isa = PBXBuildFile; fileRef = 22C681CB1F0A37A800077E19 /* archive_read_extract2.c */; };
		22E03F501F0A486000974EA7 /* archive_read_open_fd.c in Sources */ = {isa = PBXBuildFile; fileRef = 22C681A31F0A37A300077E19 /* archive_read_open_fd.c */; };
		22E03F511F0A486000974EA7 /* archive_read_open_file.c in Sources */ = {isa = PBXBuildFile; fileRef = 22C681A71F0A37A400077E19 /* archive_read_open_file.c */; };
		22E03F521F0A486000974EA7 /* archive_read_open_filename.c in Sources */ = {isa = PBXBuildFile; fileRef = 22C681C21F0A37A700077E19 /* archive_read_open_filename.c */; };
		22E03F531F0A486000974EA7 /* archive_read_open_memory.c in Sources */ = {isa = PBXBuildFile; fileRef = 22C681CA1F0A37A800077E19 /* archive_read_open_memory.c */; };
		22E03F541F0A486000974EA7 /* archive_read_set_format.c in Sources */ = {isa = PBXBuildFile; fileRef = 22C681AE1F0A37A400077E19 /* archive_read_set_format.c */; };
		22E03F551F0A486000974EA7 /* archive_read_set_options.c in Sources */ = {isa = PBXBuildFile; fileRef = 22C681AA1F0A37A400077E19 /* archive_read_set_options.c */; };
		22E03F561F0A486000974EA7 /* archive_read_support_filter_all.c in Sources */ = {isa = PBXBuildFile; fileRef = 22C681A61F0A37A300077E19 /* archive_read_support_filter_all.c */; };
		22E03F571F0A486000974EA7 /* archive_read_support_filter_bzip2.c in Sources */ = {isa = PBXBuildFile; fileRef = 22C681AB1F0A37A400077E19 /* archive_read_support_filter_bzip2.c */; };
		22E03F581F0A486000974EA7 /* archive_read_support_filter_compress.c in Sources */ = {isa = PBXBuildFile; fileRef = 22C681B11F0A37A500077E19 /* archive_read_support_filter_compress.c */; };
		22E03F591F0A486000974EA7 /* archive_read_support_filter_grzip.c in Sources */ = {isa = PBXBuildFile; fileRef = 22C681A81F0A37A400077E19 /* archive_read_support_filter_grzip.c */; };
		22E03F5A1F0A486000974EA7 /* archive_read_support_filter_gzip.c in Sources */ = {isa = PBXBuildFile; fileRef = 22C681C41F0A37A700077E19 /* archive_read_support_filter_gzip.c */; };
		22E03F5B1F0A486000974EA7 /* archive_read_support_filter_lrzip.c in Sources */ = {isa = PBXBuildFile; fileRef = 22C681C71F0A37A700077E19 /* archive_read_support_filter_lrzip.c */; };
		22E03F5C1F0A486000974EA7 /* archive_read_support_filter_lz4.c in Sources */ = {isa = PBXBuildFile; fileRef = 22C681BE1F0A37A600077E19 /* archive_read_support_filter_lz4.c */; };
		22E03F5D1F0A486000974EA7 /* archive_read_support_filter_lzop.c in Sources */ = {isa = PBXBuildFile; fileRef = 22C681A21F0A37A300077E19 /* archive_read_support_filter_lzop.c */; };
		22E03F5E1F0A486000974EA7 /* archive_read_support_filter_none.c in Sources */ = {isa = PBXBuildFile; fileRef = 22C681C11F0A37A600077E19 /* archive_read_support_filter_none.c */; };
		22E03F5F1F0A486000974EA7 /* archive_read_support_filter_program.c in Sources */ = {isa = PBXBuildFile; fileRef = 22C681A01F0A37A300077E19 /* archive_read_support_filter_program.c */; };
		22E03F601F0A486000974EA7 /* archive_read_support_filter_rpm.c in Sources */ = {isa = PBXBuildFile; fileRef = 22C681A51F0A37A300077E19 /* archive_read_support_filter_rpm.c */; };
		22E03F611F0A486000974EA7 /* archive_read_support_filter_uu.c in Sources */ = {isa = PBXBuildFile; fileRef = 22C681C51F0A37A700077E19 /* archive_read_support_filter_uu.c */; };
		22E03F621F0A486000974EA7 /* archive_read_support_filter_xz.c in Sources */ = {isa = PBXBuildFile; fileRef = 22C681C91F0A37A700077E19 /* archive_read_support_filter_xz.c */; };
		22E03F631F0A486000974EA7 /* archive_read_support_format_7zip.c in Sources */ = {isa = PBXBuildFile; fileRef = 22C681B01F0A37A500077E19 /* archive_read_support_format_7zip.c */; };
		22E03F641F0A486000974EA7 /* archive_read_support_format_all.c in Sources */ = {isa = PBXBuildFile; fileRef = 22C681A11F0A37A300077E19 /* archive_read_support_format_all.c */; };
		22E03F651F0A486000974EA7 /* archive_read_support_format_ar.c in Sources */ = {isa = PBXBuildFile; fileRef = 22C681A91F0A37A400077E19 /* archive_read_support_format_ar.c */; };
		22E03F661F0A486000974EA7 /* archive_read_support_format_by_code.c in Sources */ = {isa = PBXBuildFile; fileRef = 22C681B51F0A37A500077E19 /* archive_read_support_format_by_code.c */; };
		22E03F671F0A486000974EA7 /* archive_read_support_format_cab.c in Sources */ = {isa = PBXBuildFile; fileRef = 22C681BD1F0A37A600077E19 /* archive_read_support_format_cab.c */; };
		22E03F681F0A486000974EA7 /* archive_read_support_format_cpio.c in Sources */ = {isa = PBXBuildFile; fileRef = 22C681B61F0A37A500077E19 /* archive_read_support_format_cpio.c */; };
		22E03F691F0A486000974EA7 /* archive_read_support_format_empty.c in Sources */ = {isa = PBXBuildFile; fileRef = 22C681BB1F0A37A600077E19 /* archive_read_support_format_empty.c */; };
		22E03F6A1F0A486000974EA7 /* archive_read_support_format_iso9660.c in Sources */ = {isa = PBXBuildFile; fileRef = 22C681C31F0A37A700077E19 /* archive_read_support_format_iso9660.c */; };
		22E03F6B1F0A486000974EA7 /* archive_read_support_format_lha.c in Sources */ = {isa = PBXBuildFile; fileRef = 22C681AF1F0A37A400077E19 /* archive_read_support_format_lha.c */; };
		22E03F6C1F0A486000974EA7 /* archive_read_support_format_mtree.c in Sources */ = {isa = PBXBuildFile; fileRef = 22C6819F1F0A37A300077E19 /* archive_read_support_format_mtree.c */; };
		22E03F6D1F0A486000974EA7 /* archive_read_support_format_rar.c in Sources */ = {isa = PBXBuildFile; fileRef = 22C681C61F0A37A700077E19 /* archive_read_support_format_rar.c */; };
		22E03F6E1F0A486000974EA7 /* archive_read_support_format_raw.c in Sources */ = {isa = PBXBuildFile; fileRef = 22C681B71F0A37A500077E19 /* archive_read_support_format_raw.c */; };
		22E03F6F1F0A486000974EA7 /* archive_read_support_format_tar.c in Sources */ = {isa = PBXBuildFile; fileRef = 22C681BC1F0A37A600077E19 /* archive_read_support_format_tar.c */; };
		22E03F701F0A486000974EA7 /* archive_read_support_format_warc.c in Sources */ = {isa = PBXBuildFile; fileRef = 22C681B91F0A37A500077E19 /* archive_read_support_format_warc.c */; };
		22E03F711F0A486000974EA7 /* archive_read_support_format_xar.c in Sources */ = {isa = PBXBuildFile; fileRef = 22C681CD1F0A37A800077E19 /* archive_read_support_format_xar.c */; };
		22E03F721F0A486000974EA7 /* archive_read_support_format_zip.c in Sources */ = {isa = PBXBuildFile; fileRef = 22C681AD1F0A37A400077E19 /* archive_read_support_format_zip.c */; };
		22E03F731F0A486000974EA7 /* archive_read.c in Sources */ = {isa = PBXBuildFile; fileRef = 22C681BF1F0A37A600077E19 /* archive_read.c */; };
		22E03F741F0A486000974EA7 /* archive_string_sprintf.c in Sources */ = {isa = PBXBuildFile; fileRef = 22C682041F0A388600077E19 /* archive_string_sprintf.c */; };
		22E03F751F0A486000974EA7 /* archive_string.c in Sources */ = {isa = PBXBuildFile; fileRef = 22C682001F0A388500077E19 /* archive_string.c */; };
		22E03F761F0A486000974EA7 /* archive_util.c in Sources */ = {isa = PBXBuildFile; fileRef = 22C682031F0A388600077E19 /* archive_util.c */; };
		22E03F771F0A486000974EA7 /* archive_version_details.c in Sources */ = {isa = PBXBuildFile; fileRef = 22C682011F0A388500077E19 /* archive_version_details.c */; };
		22E03F781F0A486000974EA7 /* archive_virtual.c in Sources */ = {isa = PBXBuildFile; fileRef = 22C682021F0A388600077E19 /* archive_virtual.c */; };
		22E03F791F0A486000974EA7 /* archive_windows.c in Sources */ = {isa = PBXBuildFile; fileRef = 22C681FF1F0A388500077E19 /* archive_windows.c */; };
		22E03F7A1F0A486000974EA7 /* archive_write_add_filter_b64encode.c in Sources */ = {isa = PBXBuildFile; fileRef = 22C6822F1F0A38A200077E19 /* archive_write_add_filter_b64encode.c */; };
		22E03F7B1F0A486000974EA7 /* archive_write_add_filter_by_name.c in Sources */ = {isa = PBXBuildFile; fileRef = 22C6822A1F0A38A100077E19 /* archive_write_add_filter_by_name.c */; };
		22E03F7C1F0A486000974EA7 /* archive_write_add_filter_bzip2.c in Sources */ = {isa = PBXBuildFile; fileRef = 22C6821A1F0A389F00077E19 /* archive_write_add_filter_bzip2.c */; };
		22E03F7D1F0A486000974EA7 /* archive_write_add_filter_compress.c in Sources */ = {isa = PBXBuildFile; fileRef = 22C6820F1F0A389D00077E19 /* archive_write_add_filter_compress.c */; };
		22E03F7E1F0A486000974EA7 /* archive_write_add_filter_grzip.c in Sources */ = {isa = PBXBuildFile; fileRef = 22C6821C1F0A389F00077E19 /* archive_write_add_filter_grzip.c */; };
		22E03F7F1F0A486000974EA7 /* archive_write_add_filter_gzip.c in Sources */ = {isa = PBXBuildFile; fileRef = 22C682191F0A389E00077E19 /* archive_write_add_filter_gzip.c */; };
		22E03F801F0A486000974EA7 /* archive_write_add_filter_lrzip.c in Sources */ = {isa = PBXBuildFile; fileRef = 22C6820D1F0A389D00077E19 /* archive_write_add_filter_lrzip.c */; };
		22E03F811F0A486000974EA7 /* archive_write_add_filter_lz4.c in Sources */ = {isa = PBXBuildFile; fileRef = 22C6821D1F0A389F00077E19 /* archive_write_add_filter_lz4.c */; };
		22E03F821F0A486000974EA7 /* archive_write_add_filter_lzop.c in Sources */ = {isa = PBXBuildFile; fileRef = 22C682151F0A389E00077E19 /* archive_write_add_filter_lzop.c */; };
		22E03F831F0A486000974EA7 /* archive_write_add_filter_none.c in Sources */ = {isa = PBXBuildFile; fileRef = 22C682321F0A38A200077E19 /* archive_write_add_filter_none.c */; };
		22E03F841F0A486000974EA7 /* archive_write_add_filter_program.c in Sources */ = {isa = PBXBuildFile; fileRef = 22C682331F0A38A200077E19 /* archive_write_add_filter_program.c */; };
		22E03F851F0A486000974EA7 /* archive_write_add_filter_uuencode.c in Sources */ = {isa = PBXBuildFile; fileRef = 22C682131F0A389E00077E19 /* archive_write_add_filter_uuencode.c */; };
		22E03F861F0A486000974EA7 /* archive_write_add_filter_xz.c in Sources */ = {isa = PBXBuildFile; fileRef = 22C6821F1F0A389F00077E19 /* archive_write_add_filter_xz.c */; };
		22E03F871F0A486000974EA7 /* archive_write_add_filter.c in Sources */ = {isa = PBXBuildFile; fileRef = 22C682261F0A38A000077E19 /* archive_write_add_filter.c */; };
		22E03F881F0A486000974EA7 /* archive_write_disk_posix.c in Sources */ = {isa = PBXBuildFile; fileRef = 22C6820B1F0A389C00077E19 /* archive_write_disk_posix.c */; };
		22E03F891F0A486000974EA7 /* archive_write_disk_set_standard_lookup.c in Sources */ = {isa = PBXBuildFile; fileRef = 22C6820C1F0A389D00077E19 /* archive_write_disk_set_standard_lookup.c */; };
		22E03F8A1F0A486000974EA7 /* archive_write_disk_windows.c in Sources */ = {isa = PBXBuildFile; fileRef = 22C6821E1F0A389F00077E19 /* archive_write_disk_windows.c */; };
		22E03F8B1F0A486000974EA7 /* archive_write_open_fd.c in Sources */ = {isa = PBXBuildFile; fileRef = 22C6822B1F0A38A100077E19 /* archive_write_open_fd.c */; };
		22E03F8C1F0A486000974EA7 /* archive_write_open_file.c in Sources */ = {isa = PBXBuildFile; fileRef = 22C682111F0A389D00077E19 /* archive_write_open_file.c */; };
		22E03F8D1F0A486000974EA7 /* archive_write_open_filename.c in Sources */ = {isa = PBXBuildFile; fileRef = 22C682251F0A38A000077E19 /* archive_write_open_filename.c */; };
		22E03F8E1F0A486000974EA7 /* archive_write_open_memory.c in Sources */ = {isa = PBXBuildFile; fileRef = 22C6822D1F0A38A100077E19 /* archive_write_open_memory.c */; };
		22E03F8F1F0A486000974EA7 /* archive_write_set_format_7zip.c in Sources */ = {isa = PBXBuildFile; fileRef = 22C682301F0A38A200077E19 /* archive_write_set_format_7zip.c */; };
		22E03F901F0A486000974EA7 /* archive_write_set_format_ar.c in Sources */ = {isa = PBXBuildFile; fileRef = 22C682211F0A389F00077E19 /* archive_write_set_format_ar.c */; };
		22E03F911F0A486000974EA7 /* archive_write_set_format_by_name.c in Sources */ = {isa = PBXBuildFile; fileRef = 22C682201F0A389F00077E19 /* archive_write_set_format_by_name.c */; };
		22E03F921F0A486000974EA7 /* archive_write_set_format_cpio_newc.c in Sources */ = {isa = PBXBuildFile; fileRef = 22C682311F0A38A200077E19 /* archive_write_set_format_cpio_newc.c */; };
		22E03F931F0A486000974EA7 /* archive_write_set_format_cpio.c in Sources */ = {isa = PBXBuildFile; fileRef = 22C682341F0A38A200077E19 /* archive_write_set_format_cpio.c */; };
		22E03F941F0A486000974EA7 /* archive_write_set_format_filter_by_ext.c in Sources */ = {isa = PBXBuildFile; fileRef = 22C6822C1F0A38A100077E19 /* archive_write_set_format_filter_by_ext.c */; };
		22E03F951F0A486000974EA7 /* archive_write_set_format_gnutar.c in Sources */ = {isa = PBXBuildFile; fileRef = 22C682291F0A38A100077E19 /* archive_write_set_format_gnutar.c */; };
		22E03F961F0A486000974EA7 /* archive_write_set_format_iso9660.c in Sources */ = {isa = PBXBuildFile; fileRef = 22C682101F0A389D00077E19 /* archive_write_set_format_iso9660.c */; };
		22E03F971F0A486000974EA7 /* archive_write_set_format_mtree.c in Sources */ = {isa = PBXBuildFile; fileRef = 22C682221F0A38A000077E19 /* archive_write_set_format_mtree.c */; };
		22E03F981F0A486000974EA7 /* archive_write_set_format_pax.c in Sources */ = {isa = PBXBuildFile; fileRef = 22C682241F0A38A000077E19 /* archive_write_set_format_pax.c */; };
		22E03F991F0A486000974EA7 /* archive_write_set_format_raw.c in Sources */ = {isa = PBXBuildFile; fileRef = 22C682171F0A389E00077E19 /* archive_write_set_format_raw.c */; };
		22E03F9A1F0A486000974EA7 /* archive_write_set_format_shar.c in Sources */ = {isa = PBXBuildFile; fileRef = 22C6822E1F0A38A200077E19 /* archive_write_set_format_shar.c */; };
		22E03F9B1F0A486000974EA7 /* archive_write_set_format_ustar.c in Sources */ = {isa = PBXBuildFile; fileRef = 22C682161F0A389E00077E19 /* archive_write_set_format_ustar.c */; };
		22E03F9C1F0A486000974EA7 /* archive_write_set_format_v7tar.c in Sources */ = {isa = PBXBuildFile; fileRef = 22C682271F0A38A000077E19 /* archive_write_set_format_v7tar.c */; };
		22E03F9D1F0A486000974EA7 /* archive_write_set_format_warc.c in Sources */ = {isa = PBXBuildFile; fileRef = 22C682121F0A389E00077E19 /* archive_write_set_format_warc.c */; };
		22E03F9E1F0A486000974EA7 /* archive_write_set_format_xar.c in Sources */ = {isa = PBXBuildFile; fileRef = 22C6821B1F0A389F00077E19 /* archive_write_set_format_xar.c */; };
		22E03F9F1F0A486000974EA7 /* archive_write_set_format_zip.c in Sources */ = {isa = PBXBuildFile; fileRef = 22C682181F0A389E00077E19 /* archive_write_set_format_zip.c */; };
		22E03FA01F0A486000974EA7 /* archive_write_set_format.c in Sources */ = {isa = PBXBuildFile; fileRef = 22C682281F0A38A000077E19 /* archive_write_set_format.c */; };
		22E03FA11F0A486000974EA7 /* archive_write_set_options.c in Sources */ = {isa = PBXBuildFile; fileRef = 22C682141F0A389E00077E19 /* archive_write_set_options.c */; };
		22E03FA21F0A486000974EA7 /* archive_write_set_passphrase.c in Sources */ = {isa = PBXBuildFile; fileRef = 22C6820E1F0A389D00077E19 /* archive_write_set_passphrase.c */; };
		22E03FA31F0A486000974EA7 /* archive_write.c in Sources */ = {isa = PBXBuildFile; fileRef = 22C682231F0A38A000077E19 /* archive_write.c */; };
		22E03FA41F0A486000974EA7 /* filter_fork_posix.c in Sources */ = {isa = PBXBuildFile; fileRef = 22C6825F1F0A390D00077E19 /* filter_fork_posix.c */; };
		22E03FA51F0A486000974EA7 /* xxhash.c in Sources */ = {isa = PBXBuildFile; fileRef = 22C682611F0A3DE500077E19 /* xxhash.c */; };
		22E03FA61F0A486000974EA7 /* archive_disk_acl_darwin.c in Sources */ = {isa = PBXBuildFile; fileRef = 22C682631F0A3DFE00077E19 /* archive_disk_acl_darwin.c */; };
		22E03FA71F0A487B00974EA7 /* err.c in Sources */ = {isa = PBXBuildFile; fileRef = 22C682661F0A3E5F00077E19 /* err.c */; };
		22E03FA81F0A487B00974EA7 /* line_reader.c in Sources */ = {isa = PBXBuildFile; fileRef = 22C682681F0A3E6600077E19 /* line_reader.c */; };
		22E03FA91F0A487B00974EA7 /* passphrase.c in Sources */ = {isa = PBXBuildFile; fileRef = 22C6826A1F0A3E6D00077E19 /* passphrase.c */; };
		22E03FAA1F0A488D00974EA7 /* bsdtar.c in Sources */ = {isa = PBXBuildFile; fileRef = 22C6826E1F0A3EBC00077E19 /* bsdtar.c */; settings = {COMPILER_FLAGS = "-I ../libarchive/ -I ../libarchive_fe/"; }; };
		22E03FAB1F0A488D00974EA7 /* cmdline.c in Sources */ = {isa = PBXBuildFile; fileRef = 22C682711F0A3EBC00077E19 /* cmdline.c */; settings = {COMPILER_FLAGS = "-I ../libarchive/ -I ../libarchive_fe/"; }; };
		22E03FAC1F0A488D00974EA7 /* creation_set.c in Sources */ = {isa = PBXBuildFile; fileRef = 22C682701F0A3EBC00077E19 /* creation_set.c */; settings = {COMPILER_FLAGS = "-I ../libarchive/ -I ../libarchive_fe/"; }; };
		22E03FAD1F0A488D00974EA7 /* read.c in Sources */ = {isa = PBXBuildFile; fileRef = 22C682731F0A3EBD00077E19 /* read.c */; settings = {COMPILER_FLAGS = "-I ../libarchive/ -I ../libarchive_fe/"; }; };
		22E03FAE1F0A488D00974EA7 /* subst.c in Sources */ = {isa = PBXBuildFile; fileRef = 22C6826F1F0A3EBC00077E19 /* subst.c */; settings = {COMPILER_FLAGS = "-I ../libarchive/ -I ../libarchive_fe/"; }; };
		22E03FAF1F0A488D00974EA7 /* util.c in Sources */ = {isa = PBXBuildFile; fileRef = 22C6826D1F0A3EBC00077E19 /* util.c */; settings = {COMPILER_FLAGS = "-I ../libarchive/ -I ../libarchive_fe/"; }; };
		22E03FB01F0A488D00974EA7 /* write.c in Sources */ = {isa = PBXBuildFile; fileRef = 22C682721F0A3EBC00077E19 /* write.c */; settings = {COMPILER_FLAGS = "-I ../libarchive/ -I ../libarchive_fe/"; }; };
		22F738061F0A4D0400048A48 /* archive_getdate.c in Sources */ = {isa = PBXBuildFile; fileRef = 22F738051F0A4D0300048A48 /* archive_getdate.c */; };
/* End PBXBuildFile section */

/* Begin PBXFileReference section */
		22C6817C1F0A339A00077E19 /* archive_acl.c */ = {isa = PBXFileReference; fileEncoding = 4; lastKnownFileType = sourcecode.c.c; name = archive_acl.c; path = ../libarchive/archive_acl.c; sourceTree = "<group>"; };
		22C6817E1F0A342A00077E19 /* config.h */ = {isa = PBXFileReference; lastKnownFileType = sourcecode.c.h; name = config.h; path = ../config.h; sourceTree = "<group>"; };
		22C6817F1F0A344B00077E19 /* archive_check_magic.c */ = {isa = PBXFileReference; fileEncoding = 4; lastKnownFileType = sourcecode.c.c; name = archive_check_magic.c; path = ../libarchive/archive_check_magic.c; sourceTree = "<group>"; };
		22C681811F0A356C00077E19 /* archive_cmdline.c */ = {isa = PBXFileReference; fileEncoding = 4; lastKnownFileType = sourcecode.c.c; name = archive_cmdline.c; path = ../libarchive/archive_cmdline.c; sourceTree = "<group>"; };
		22C681831F0A35AC00077E19 /* archive_cryptor.c */ = {isa = PBXFileReference; fileEncoding = 4; lastKnownFileType = sourcecode.c.c; name = archive_cryptor.c; path = ../libarchive/archive_cryptor.c; sourceTree = "<group>"; };
		22C681851F0A35C500077E19 /* archive_digest.c */ = {isa = PBXFileReference; fileEncoding = 4; lastKnownFileType = sourcecode.c.c; name = archive_digest.c; path = ../libarchive/archive_digest.c; sourceTree = "<group>"; };
		22C681871F0A35DE00077E19 /* archive_entry.c */ = {isa = PBXFileReference; fileEncoding = 4; lastKnownFileType = sourcecode.c.c; name = archive_entry.c; path = ../libarchive/archive_entry.c; sourceTree = "<group>"; };
		22C681891F0A361E00077E19 /* archive_entry_copy_stat.c */ = {isa = PBXFileReference; fileEncoding = 4; lastKnownFileType = sourcecode.c.c; name = archive_entry_copy_stat.c; path = ../libarchive/archive_entry_copy_stat.c; sourceTree = "<group>"; };
		22C6818B1F0A362600077E19 /* archive_entry_link_resolver.c */ = {isa = PBXFileReference; fileEncoding = 4; lastKnownFileType = sourcecode.c.c; name = archive_entry_link_resolver.c; path = ../libarchive/archive_entry_link_resolver.c; sourceTree = "<group>"; };
		22C6818D1F0A362B00077E19 /* archive_entry_sparse.c */ = {isa = PBXFileReference; fileEncoding = 4; lastKnownFileType = sourcecode.c.c; name = archive_entry_sparse.c; path = ../libarchive/archive_entry_sparse.c; sourceTree = "<group>"; };
		22C6818F1F0A363C00077E19 /* archive_entry_stat.c */ = {isa = PBXFileReference; fileEncoding = 4; lastKnownFileType = sourcecode.c.c; name = archive_entry_stat.c; path = ../libarchive/archive_entry_stat.c; sourceTree = "<group>"; };
		22C681911F0A364200077E19 /* archive_entry_strmode.c */ = {isa = PBXFileReference; fileEncoding = 4; lastKnownFileType = sourcecode.c.c; name = archive_entry_strmode.c; path = ../libarchive/archive_entry_strmode.c; sourceTree = "<group>"; };
		22C681931F0A364600077E19 /* archive_entry_xattr.c */ = {isa = PBXFileReference; fileEncoding = 4; lastKnownFileType = sourcecode.c.c; name = archive_entry_xattr.c; path = ../libarchive/archive_entry_xattr.c; sourceTree = "<group>"; };
		22C681951F0A365700077E19 /* archive_hmac.c */ = {isa = PBXFileReference; fileEncoding = 4; lastKnownFileType = sourcecode.c.c; name = archive_hmac.c; path = ../libarchive/archive_hmac.c; sourceTree = "<group>"; };
		22C681971F0A366800077E19 /* archive_match.c */ = {isa = PBXFileReference; fileEncoding = 4; lastKnownFileType = sourcecode.c.c; name = archive_match.c; path = ../libarchive/archive_match.c; sourceTree = "<group>"; };
		22C681991F0A375A00077E19 /* archive_options.c */ = {isa = PBXFileReference; fileEncoding = 4; lastKnownFileType = sourcecode.c.c; name = archive_options.c; path = ../libarchive/archive_options.c; sourceTree = "<group>"; };
		22C6819B1F0A376800077E19 /* archive_pack_dev.c */ = {isa = PBXFileReference; fileEncoding = 4; lastKnownFileType = sourcecode.c.c; name = archive_pack_dev.c; path = ../libarchive/archive_pack_dev.c; sourceTree = "<group>"; };
		22C6819D1F0A37A200077E19 /* archive_ppmd7.c */ = {isa = PBXFileReference; fileEncoding = 4; lastKnownFileType = sourcecode.c.c; name = archive_ppmd7.c; path = ../libarchive/archive_ppmd7.c; sourceTree = "<group>"; };
		22C6819E1F0A37A300077E19 /* archive_read_disk_set_standard_lookup.c */ = {isa = PBXFileReference; fileEncoding = 4; lastKnownFileType = sourcecode.c.c; name = archive_read_disk_set_standard_lookup.c; path = ../libarchive/archive_read_disk_set_standard_lookup.c; sourceTree = "<group>"; };
		22C6819F1F0A37A300077E19 /* archive_read_support_format_mtree.c */ = {isa = PBXFileReference; fileEncoding = 4; lastKnownFileType = sourcecode.c.c; name = archive_read_support_format_mtree.c; path = ../libarchive/archive_read_support_format_mtree.c; sourceTree = "<group>"; };
		22C681A01F0A37A300077E19 /* archive_read_support_filter_program.c */ = {isa = PBXFileReference; fileEncoding = 4; lastKnownFileType = sourcecode.c.c; name = archive_read_support_filter_program.c; path = ../libarchive/archive_read_support_filter_program.c; sourceTree = "<group>"; };
		22C681A11F0A37A300077E19 /* archive_read_support_format_all.c */ = {isa = PBXFileReference; fileEncoding = 4; lastKnownFileType = sourcecode.c.c; name = archive_read_support_format_all.c; path = ../libarchive/archive_read_support_format_all.c; sourceTree = "<group>"; };
		22C681A21F0A37A300077E19 /* archive_read_support_filter_lzop.c */ = {isa = PBXFileReference; fileEncoding = 4; lastKnownFileType = sourcecode.c.c; name = archive_read_support_filter_lzop.c; path = ../libarchive/archive_read_support_filter_lzop.c; sourceTree = "<group>"; };
		22C681A31F0A37A300077E19 /* archive_read_open_fd.c */ = {isa = PBXFileReference; fileEncoding = 4; lastKnownFileType = sourcecode.c.c; name = archive_read_open_fd.c; path = ../libarchive/archive_read_open_fd.c; sourceTree = "<group>"; };
		22C681A41F0A37A300077E19 /* archive_read_disk_posix.c */ = {isa = PBXFileReference; fileEncoding = 4; lastKnownFileType = sourcecode.c.c; name = archive_read_disk_posix.c; path = ../libarchive/archive_read_disk_posix.c; sourceTree = "<group>"; };
		22C681A51F0A37A300077E19 /* archive_read_support_filter_rpm.c */ = {isa = PBXFileReference; fileEncoding = 4; lastKnownFileType = sourcecode.c.c; name = archive_read_support_filter_rpm.c; path = ../libarchive/archive_read_support_filter_rpm.c; sourceTree = "<group>"; };
		22C681A61F0A37A300077E19 /* archive_read_support_filter_all.c */ = {isa = PBXFileReference; fileEncoding = 4; lastKnownFileType = sourcecode.c.c; name = archive_read_support_filter_all.c; path = ../libarchive/archive_read_support_filter_all.c; sourceTree = "<group>"; };
		22C681A71F0A37A400077E19 /* archive_read_open_file.c */ = {isa = PBXFileReference; fileEncoding = 4; lastKnownFileType = sourcecode.c.c; name = archive_read_open_file.c; path = ../libarchive/archive_read_open_file.c; sourceTree = "<group>"; };
		22C681A81F0A37A400077E19 /* archive_read_support_filter_grzip.c */ = {isa = PBXFileReference; fileEncoding = 4; lastKnownFileType = sourcecode.c.c; name = archive_read_support_filter_grzip.c; path = ../libarchive/archive_read_support_filter_grzip.c; sourceTree = "<group>"; };
		22C681A91F0A37A400077E19 /* archive_read_support_format_ar.c */ = {isa = PBXFileReference; fileEncoding = 4; lastKnownFileType = sourcecode.c.c; name = archive_read_support_format_ar.c; path = ../libarchive/archive_read_support_format_ar.c; sourceTree = "<group>"; };
		22C681AA1F0A37A400077E19 /* archive_read_set_options.c */ = {isa = PBXFileReference; fileEncoding = 4; lastKnownFileType = sourcecode.c.c; name = archive_read_set_options.c; path = ../libarchive/archive_read_set_options.c; sourceTree = "<group>"; };
		22C681AB1F0A37A400077E19 /* archive_read_support_filter_bzip2.c */ = {isa = PBXFileReference; fileEncoding = 4; lastKnownFileType = sourcecode.c.c; name = archive_read_support_filter_bzip2.c; path = ../libarchive/archive_read_support_filter_bzip2.c; sourceTree = "<group>"; };
		22C681AC1F0A37A400077E19 /* archive_read_data_into_fd.c */ = {isa = PBXFileReference; fileEncoding = 4; lastKnownFileType = sourcecode.c.c; name = archive_read_data_into_fd.c; path = ../libarchive/archive_read_data_into_fd.c; sourceTree = "<group>"; };
		22C681AD1F0A37A400077E19 /* archive_read_support_format_zip.c */ = {isa = PBXFileReference; fileEncoding = 4; lastKnownFileType = sourcecode.c.c; name = archive_read_support_format_zip.c; path = ../libarchive/archive_read_support_format_zip.c; sourceTree = "<group>"; };
		22C681AE1F0A37A400077E19 /* archive_read_set_format.c */ = {isa = PBXFileReference; fileEncoding = 4; lastKnownFileType = sourcecode.c.c; name = archive_read_set_format.c; path = ../libarchive/archive_read_set_format.c; sourceTree = "<group>"; };
		22C681AF1F0A37A400077E19 /* archive_read_support_format_lha.c */ = {isa = PBXFileReference; fileEncoding = 4; lastKnownFileType = sourcecode.c.c; name = archive_read_support_format_lha.c; path = ../libarchive/archive_read_support_format_lha.c; sourceTree = "<group>"; };
		22C681B01F0A37A500077E19 /* archive_read_support_format_7zip.c */ = {isa = PBXFileReference; fileEncoding = 4; lastKnownFileType = sourcecode.c.c; name = archive_read_support_format_7zip.c; path = ../libarchive/archive_read_support_format_7zip.c; sourceTree = "<group>"; };
		22C681B11F0A37A500077E19 /* archive_read_support_filter_compress.c */ = {isa = PBXFileReference; fileEncoding = 4; lastKnownFileType = sourcecode.c.c; name = archive_read_support_filter_compress.c; path = ../libarchive/archive_read_support_filter_compress.c; sourceTree = "<group>"; };
		22C681B21F0A37A500077E19 /* archive_read_append_filter.c */ = {isa = PBXFileReference; fileEncoding = 4; lastKnownFileType = sourcecode.c.c; name = archive_read_append_filter.c; path = ../libarchive/archive_read_append_filter.c; sourceTree = "<group>"; };
		22C681B31F0A37A500077E19 /* archive_read_disk_entry_from_file.c */ = {isa = PBXFileReference; fileEncoding = 4; lastKnownFileType = sourcecode.c.c; name = archive_read_disk_entry_from_file.c; path = ../libarchive/archive_read_disk_entry_from_file.c; sourceTree = "<group>"; };
		22C681B41F0A37A500077E19 /* archive_read_extract.c */ = {isa = PBXFileReference; fileEncoding = 4; lastKnownFileType = sourcecode.c.c; name = archive_read_extract.c; path = ../libarchive/archive_read_extract.c; sourceTree = "<group>"; };
		22C681B51F0A37A500077E19 /* archive_read_support_format_by_code.c */ = {isa = PBXFileReference; fileEncoding = 4; lastKnownFileType = sourcecode.c.c; name = archive_read_support_format_by_code.c; path = ../libarchive/archive_read_support_format_by_code.c; sourceTree = "<group>"; };
		22C681B61F0A37A500077E19 /* archive_read_support_format_cpio.c */ = {isa = PBXFileReference; fileEncoding = 4; lastKnownFileType = sourcecode.c.c; name = archive_read_support_format_cpio.c; path = ../libarchive/archive_read_support_format_cpio.c; sourceTree = "<group>"; };
		22C681B71F0A37A500077E19 /* archive_read_support_format_raw.c */ = {isa = PBXFileReference; fileEncoding = 4; lastKnownFileType = sourcecode.c.c; name = archive_read_support_format_raw.c; path = ../libarchive/archive_read_support_format_raw.c; sourceTree = "<group>"; };
		22C681B81F0A37A500077E19 /* archive_read_add_passphrase.c */ = {isa = PBXFileReference; fileEncoding = 4; lastKnownFileType = sourcecode.c.c; name = archive_read_add_passphrase.c; path = ../libarchive/archive_read_add_passphrase.c; sourceTree = "<group>"; };
		22C681B91F0A37A500077E19 /* archive_read_support_format_warc.c */ = {isa = PBXFileReference; fileEncoding = 4; lastKnownFileType = sourcecode.c.c; name = archive_read_support_format_warc.c; path = ../libarchive/archive_read_support_format_warc.c; sourceTree = "<group>"; };
		22C681BA1F0A37A600077E19 /* archive_rb.c */ = {isa = PBXFileReference; fileEncoding = 4; lastKnownFileType = sourcecode.c.c; name = archive_rb.c; path = ../libarchive/archive_rb.c; sourceTree = "<group>"; };
		22C681BB1F0A37A600077E19 /* archive_read_support_format_empty.c */ = {isa = PBXFileReference; fileEncoding = 4; lastKnownFileType = sourcecode.c.c; name = archive_read_support_format_empty.c; path = ../libarchive/archive_read_support_format_empty.c; sourceTree = "<group>"; };
		22C681BC1F0A37A600077E19 /* archive_read_support_format_tar.c */ = {isa = PBXFileReference; fileEncoding = 4; lastKnownFileType = sourcecode.c.c; name = archive_read_support_format_tar.c; path = ../libarchive/archive_read_support_format_tar.c; sourceTree = "<group>"; };
		22C681BD1F0A37A600077E19 /* archive_read_support_format_cab.c */ = {isa = PBXFileReference; fileEncoding = 4; lastKnownFileType = sourcecode.c.c; name = archive_read_support_format_cab.c; path = ../libarchive/archive_read_support_format_cab.c; sourceTree = "<group>"; };
		22C681BE1F0A37A600077E19 /* archive_read_support_filter_lz4.c */ = {isa = PBXFileReference; fileEncoding = 4; lastKnownFileType = sourcecode.c.c; name = archive_read_support_filter_lz4.c; path = ../libarchive/archive_read_support_filter_lz4.c; sourceTree = "<group>"; };
		22C681BF1F0A37A600077E19 /* archive_read.c */ = {isa = PBXFileReference; fileEncoding = 4; lastKnownFileType = sourcecode.c.c; name = archive_read.c; path = ../libarchive/archive_read.c; sourceTree = "<group>"; };
		22C681C01F0A37A600077E19 /* archive_read_disk_windows.c */ = {isa = PBXFileReference; fileEncoding = 4; lastKnownFileType = sourcecode.c.c; name = archive_read_disk_windows.c; path = ../libarchive/archive_read_disk_windows.c; sourceTree = "<group>"; };
		22C681C11F0A37A600077E19 /* archive_read_support_filter_none.c */ = {isa = PBXFileReference; fileEncoding = 4; lastKnownFileType = sourcecode.c.c; name = archive_read_support_filter_none.c; path = ../libarchive/archive_read_support_filter_none.c; sourceTree = "<group>"; };
		22C681C21F0A37A700077E19 /* archive_read_open_filename.c */ = {isa = PBXFileReference; fileEncoding = 4; lastKnownFileType = sourcecode.c.c; name = archive_read_open_filename.c; path = ../libarchive/archive_read_open_filename.c; sourceTree = "<group>"; };
		22C681C31F0A37A700077E19 /* archive_read_support_format_iso9660.c */ = {isa = PBXFileReference; fileEncoding = 4; lastKnownFileType = sourcecode.c.c; name = archive_read_support_format_iso9660.c; path = ../libarchive/archive_read_support_format_iso9660.c; sourceTree = "<group>"; };
		22C681C41F0A37A700077E19 /* archive_read_support_filter_gzip.c */ = {isa = PBXFileReference; fileEncoding = 4; lastKnownFileType = sourcecode.c.c; name = archive_read_support_filter_gzip.c; path = ../libarchive/archive_read_support_filter_gzip.c; sourceTree = "<group>"; };
		22C681C51F0A37A700077E19 /* archive_read_support_filter_uu.c */ = {isa = PBXFileReference; fileEncoding = 4; lastKnownFileType = sourcecode.c.c; name = archive_read_support_filter_uu.c; path = ../libarchive/archive_read_support_filter_uu.c; sourceTree = "<group>"; };
		22C681C61F0A37A700077E19 /* archive_read_support_format_rar.c */ = {isa = PBXFileReference; fileEncoding = 4; lastKnownFileType = sourcecode.c.c; name = archive_read_support_format_rar.c; path = ../libarchive/archive_read_support_format_rar.c; sourceTree = "<group>"; };
		22C681C71F0A37A700077E19 /* archive_read_support_filter_lrzip.c */ = {isa = PBXFileReference; fileEncoding = 4; lastKnownFileType = sourcecode.c.c; name = archive_read_support_filter_lrzip.c; path = ../libarchive/archive_read_support_filter_lrzip.c; sourceTree = "<group>"; };
		22C681C81F0A37A700077E19 /* archive_random.c */ = {isa = PBXFileReference; fileEncoding = 4; lastKnownFileType = sourcecode.c.c; name = archive_random.c; path = ../libarchive/archive_random.c; sourceTree = "<group>"; };
		22C681C91F0A37A700077E19 /* archive_read_support_filter_xz.c */ = {isa = PBXFileReference; fileEncoding = 4; lastKnownFileType = sourcecode.c.c; name = archive_read_support_filter_xz.c; path = ../libarchive/archive_read_support_filter_xz.c; sourceTree = "<group>"; };
		22C681CA1F0A37A800077E19 /* archive_read_open_memory.c */ = {isa = PBXFileReference; fileEncoding = 4; lastKnownFileType = sourcecode.c.c; name = archive_read_open_memory.c; path = ../libarchive/archive_read_open_memory.c; sourceTree = "<group>"; };
		22C681CB1F0A37A800077E19 /* archive_read_extract2.c */ = {isa = PBXFileReference; fileEncoding = 4; lastKnownFileType = sourcecode.c.c; name = archive_read_extract2.c; path = ../libarchive/archive_read_extract2.c; sourceTree = "<group>"; };
		22C681CC1F0A37A800077E19 /* archive_pathmatch.c */ = {isa = PBXFileReference; fileEncoding = 4; lastKnownFileType = sourcecode.c.c; name = archive_pathmatch.c; path = ../libarchive/archive_pathmatch.c; sourceTree = "<group>"; };
		22C681CD1F0A37A800077E19 /* archive_read_support_format_xar.c */ = {isa = PBXFileReference; fileEncoding = 4; lastKnownFileType = sourcecode.c.c; name = archive_read_support_format_xar.c; path = ../libarchive/archive_read_support_format_xar.c; sourceTree = "<group>"; };
		22C681FF1F0A388500077E19 /* archive_windows.c */ = {isa = PBXFileReference; fileEncoding = 4; lastKnownFileType = sourcecode.c.c; name = archive_windows.c; path = ../libarchive/archive_windows.c; sourceTree = "<group>"; };
		22C682001F0A388500077E19 /* archive_string.c */ = {isa = PBXFileReference; fileEncoding = 4; lastKnownFileType = sourcecode.c.c; name = archive_string.c; path = ../libarchive/archive_string.c; sourceTree = "<group>"; };
		22C682011F0A388500077E19 /* archive_version_details.c */ = {isa = PBXFileReference; fileEncoding = 4; lastKnownFileType = sourcecode.c.c; name = archive_version_details.c; path = ../libarchive/archive_version_details.c; sourceTree = "<group>"; };
		22C682021F0A388600077E19 /* archive_virtual.c */ = {isa = PBXFileReference; fileEncoding = 4; lastKnownFileType = sourcecode.c.c; name = archive_virtual.c; path = ../libarchive/archive_virtual.c; sourceTree = "<group>"; };
		22C682031F0A388600077E19 /* archive_util.c */ = {isa = PBXFileReference; fileEncoding = 4; lastKnownFileType = sourcecode.c.c; name = archive_util.c; path = ../libarchive/archive_util.c; sourceTree = "<group>"; };
		22C682041F0A388600077E19 /* archive_string_sprintf.c */ = {isa = PBXFileReference; fileEncoding = 4; lastKnownFileType = sourcecode.c.c; name = archive_string_sprintf.c; path = ../libarchive/archive_string_sprintf.c; sourceTree = "<group>"; };
		22C6820B1F0A389C00077E19 /* archive_write_disk_posix.c */ = {isa = PBXFileReference; fileEncoding = 4; lastKnownFileType = sourcecode.c.c; name = archive_write_disk_posix.c; path = ../libarchive/archive_write_disk_posix.c; sourceTree = "<group>"; };
		22C6820C1F0A389D00077E19 /* archive_write_disk_set_standard_lookup.c */ = {isa = PBXFileReference; fileEncoding = 4; lastKnownFileType = sourcecode.c.c; name = archive_write_disk_set_standard_lookup.c; path = ../libarchive/archive_write_disk_set_standard_lookup.c; sourceTree = "<group>"; };
		22C6820D1F0A389D00077E19 /* archive_write_add_filter_lrzip.c */ = {isa = PBXFileReference; fileEncoding = 4; lastKnownFileType = sourcecode.c.c; name = archive_write_add_filter_lrzip.c; path = ../libarchive/archive_write_add_filter_lrzip.c; sourceTree = "<group>"; };
		22C6820E1F0A389D00077E19 /* archive_write_set_passphrase.c */ = {isa = PBXFileReference; fileEncoding = 4; lastKnownFileType = sourcecode.c.c; name = archive_write_set_passphrase.c; path = ../libarchive/archive_write_set_passphrase.c; sourceTree = "<group>"; };
		22C6820F1F0A389D00077E19 /* archive_write_add_filter_compress.c */ = {isa = PBXFileReference; fileEncoding = 4; lastKnownFileType = sourcecode.c.c; name = archive_write_add_filter_compress.c; path = ../libarchive/archive_write_add_filter_compress.c; sourceTree = "<group>"; };
		22C682101F0A389D00077E19 /* archive_write_set_format_iso9660.c */ = {isa = PBXFileReference; fileEncoding = 4; lastKnownFileType = sourcecode.c.c; name = archive_write_set_format_iso9660.c; path = ../libarchive/archive_write_set_format_iso9660.c; sourceTree = "<group>"; };
		22C682111F0A389D00077E19 /* archive_write_open_file.c */ = {isa = PBXFileReference; fileEncoding = 4; lastKnownFileType = sourcecode.c.c; name = archive_write_open_file.c; path = ../libarchive/archive_write_open_file.c; sourceTree = "<group>"; };
		22C682121F0A389E00077E19 /* archive_write_set_format_warc.c */ = {isa = PBXFileReference; fileEncoding = 4; lastKnownFileType = sourcecode.c.c; name = archive_write_set_format_warc.c; path = ../libarchive/archive_write_set_format_warc.c; sourceTree = "<group>"; };
		22C682131F0A389E00077E19 /* archive_write_add_filter_uuencode.c */ = {isa = PBXFileReference; fileEncoding = 4; lastKnownFileType = sourcecode.c.c; name = archive_write_add_filter_uuencode.c; path = ../libarchive/archive_write_add_filter_uuencode.c; sourceTree = "<group>"; };
		22C682141F0A389E00077E19 /* archive_write_set_options.c */ = {isa = PBXFileReference; fileEncoding = 4; lastKnownFileType = sourcecode.c.c; name = archive_write_set_options.c; path = ../libarchive/archive_write_set_options.c; sourceTree = "<group>"; };
		22C682151F0A389E00077E19 /* archive_write_add_filter_lzop.c */ = {isa = PBXFileReference; fileEncoding = 4; lastKnownFileType = sourcecode.c.c; name = archive_write_add_filter_lzop.c; path = ../libarchive/archive_write_add_filter_lzop.c; sourceTree = "<group>"; };
		22C682161F0A389E00077E19 /* archive_write_set_format_ustar.c */ = {isa = PBXFileReference; fileEncoding = 4; lastKnownFileType = sourcecode.c.c; name = archive_write_set_format_ustar.c; path = ../libarchive/archive_write_set_format_ustar.c; sourceTree = "<group>"; };
		22C682171F0A389E00077E19 /* archive_write_set_format_raw.c */ = {isa = PBXFileReference; fileEncoding = 4; lastKnownFileType = sourcecode.c.c; name = archive_write_set_format_raw.c; path = ../libarchive/archive_write_set_format_raw.c; sourceTree = "<group>"; };
		22C682181F0A389E00077E19 /* archive_write_set_format_zip.c */ = {isa = PBXFileReference; fileEncoding = 4; lastKnownFileType = sourcecode.c.c; name = archive_write_set_format_zip.c; path = ../libarchive/archive_write_set_format_zip.c; sourceTree = "<group>"; };
		22C682191F0A389E00077E19 /* archive_write_add_filter_gzip.c */ = {isa = PBXFileReference; fileEncoding = 4; lastKnownFileType = sourcecode.c.c; name = archive_write_add_filter_gzip.c; path = ../libarchive/archive_write_add_filter_gzip.c; sourceTree = "<group>"; };
		22C6821A1F0A389F00077E19 /* archive_write_add_filter_bzip2.c */ = {isa = PBXFileReference; fileEncoding = 4; lastKnownFileType = sourcecode.c.c; name = archive_write_add_filter_bzip2.c; path = ../libarchive/archive_write_add_filter_bzip2.c; sourceTree = "<group>"; };
		22C6821B1F0A389F00077E19 /* archive_write_set_format_xar.c */ = {isa = PBXFileReference; fileEncoding = 4; lastKnownFileType = sourcecode.c.c; name = archive_write_set_format_xar.c; path = ../libarchive/archive_write_set_format_xar.c; sourceTree = "<group>"; };
		22C6821C1F0A389F00077E19 /* archive_write_add_filter_grzip.c */ = {isa = PBXFileReference; fileEncoding = 4; lastKnownFileType = sourcecode.c.c; name = archive_write_add_filter_grzip.c; path = ../libarchive/archive_write_add_filter_grzip.c; sourceTree = "<group>"; };
		22C6821D1F0A389F00077E19 /* archive_write_add_filter_lz4.c */ = {isa = PBXFileReference; fileEncoding = 4; lastKnownFileType = sourcecode.c.c; name = archive_write_add_filter_lz4.c; path = ../libarchive/archive_write_add_filter_lz4.c; sourceTree = "<group>"; };
		22C6821E1F0A389F00077E19 /* archive_write_disk_windows.c */ = {isa = PBXFileReference; fileEncoding = 4; lastKnownFileType = sourcecode.c.c; name = archive_write_disk_windows.c; path = ../libarchive/archive_write_disk_windows.c; sourceTree = "<group>"; };
		22C6821F1F0A389F00077E19 /* archive_write_add_filter_xz.c */ = {isa = PBXFileReference; fileEncoding = 4; lastKnownFileType = sourcecode.c.c; name = archive_write_add_filter_xz.c; path = ../libarchive/archive_write_add_filter_xz.c; sourceTree = "<group>"; };
		22C682201F0A389F00077E19 /* archive_write_set_format_by_name.c */ = {isa = PBXFileReference; fileEncoding = 4; lastKnownFileType = sourcecode.c.c; name = archive_write_set_format_by_name.c; path = ../libarchive/archive_write_set_format_by_name.c; sourceTree = "<group>"; };
		22C682211F0A389F00077E19 /* archive_write_set_format_ar.c */ = {isa = PBXFileReference; fileEncoding = 4; lastKnownFileType = sourcecode.c.c; name = archive_write_set_format_ar.c; path = ../libarchive/archive_write_set_format_ar.c; sourceTree = "<group>"; };
		22C682221F0A38A000077E19 /* archive_write_set_format_mtree.c */ = {isa = PBXFileReference; fileEncoding = 4; lastKnownFileType = sourcecode.c.c; name = archive_write_set_format_mtree.c; path = ../libarchive/archive_write_set_format_mtree.c; sourceTree = "<group>"; };
		22C682231F0A38A000077E19 /* archive_write.c */ = {isa = PBXFileReference; fileEncoding = 4; lastKnownFileType = sourcecode.c.c; name = archive_write.c; path = ../libarchive/archive_write.c; sourceTree = "<group>"; };
		22C682241F0A38A000077E19 /* archive_write_set_format_pax.c */ = {isa = PBXFileReference; fileEncoding = 4; lastKnownFileType = sourcecode.c.c; name = archive_write_set_format_pax.c; path = ../libarchive/archive_write_set_format_pax.c; sourceTree = "<group>"; };
		22C682251F0A38A000077E19 /* archive_write_open_filename.c */ = {isa = PBXFileReference; fileEncoding = 4; lastKnownFileType = sourcecode.c.c; name = archive_write_open_filename.c; path = ../libarchive/archive_write_open_filename.c; sourceTree = "<group>"; };
		22C682261F0A38A000077E19 /* archive_write_add_filter.c */ = {isa = PBXFileReference; fileEncoding = 4; lastKnownFileType = sourcecode.c.c; name = archive_write_add_filter.c; path = ../libarchive/archive_write_add_filter.c; sourceTree = "<group>"; };
		22C682271F0A38A000077E19 /* archive_write_set_format_v7tar.c */ = {isa = PBXFileReference; fileEncoding = 4; lastKnownFileType = sourcecode.c.c; name = archive_write_set_format_v7tar.c; path = ../libarchive/archive_write_set_format_v7tar.c; sourceTree = "<group>"; };
		22C682281F0A38A000077E19 /* archive_write_set_format.c */ = {isa = PBXFileReference; fileEncoding = 4; lastKnownFileType = sourcecode.c.c; name = archive_write_set_format.c; path = ../libarchive/archive_write_set_format.c; sourceTree = "<group>"; };
		22C682291F0A38A100077E19 /* archive_write_set_format_gnutar.c */ = {isa = PBXFileReference; fileEncoding = 4; lastKnownFileType = sourcecode.c.c; name = archive_write_set_format_gnutar.c; path = ../libarchive/archive_write_set_format_gnutar.c; sourceTree = "<group>"; };
		22C6822A1F0A38A100077E19 /* archive_write_add_filter_by_name.c */ = {isa = PBXFileReference; fileEncoding = 4; lastKnownFileType = sourcecode.c.c; name = archive_write_add_filter_by_name.c; path = ../libarchive/archive_write_add_filter_by_name.c; sourceTree = "<group>"; };
		22C6822B1F0A38A100077E19 /* archive_write_open_fd.c */ = {isa = PBXFileReference; fileEncoding = 4; lastKnownFileType = sourcecode.c.c; name = archive_write_open_fd.c; path = ../libarchive/archive_write_open_fd.c; sourceTree = "<group>"; };
		22C6822C1F0A38A100077E19 /* archive_write_set_format_filter_by_ext.c */ = {isa = PBXFileReference; fileEncoding = 4; lastKnownFileType = sourcecode.c.c; name = archive_write_set_format_filter_by_ext.c; path = ../libarchive/archive_write_set_format_filter_by_ext.c; sourceTree = "<group>"; };
		22C6822D1F0A38A100077E19 /* archive_write_open_memory.c */ = {isa = PBXFileReference; fileEncoding = 4; lastKnownFileType = sourcecode.c.c; name = archive_write_open_memory.c; path = ../libarchive/archive_write_open_memory.c; sourceTree = "<group>"; };
		22C6822E1F0A38A200077E19 /* archive_write_set_format_shar.c */ = {isa = PBXFileReference; fileEncoding = 4; lastKnownFileType = sourcecode.c.c; name = archive_write_set_format_shar.c; path = ../libarchive/archive_write_set_format_shar.c; sourceTree = "<group>"; };
		22C6822F1F0A38A200077E19 /* archive_write_add_filter_b64encode.c */ = {isa = PBXFileReference; fileEncoding = 4; lastKnownFileType = sourcecode.c.c; name = archive_write_add_filter_b64encode.c; path = ../libarchive/archive_write_add_filter_b64encode.c; sourceTree = "<group>"; };
		22C682301F0A38A200077E19 /* archive_write_set_format_7zip.c */ = {isa = PBXFileReference; fileEncoding = 4; lastKnownFileType = sourcecode.c.c; name = archive_write_set_format_7zip.c; path = ../libarchive/archive_write_set_format_7zip.c; sourceTree = "<group>"; };
		22C682311F0A38A200077E19 /* archive_write_set_format_cpio_newc.c */ = {isa = PBXFileReference; fileEncoding = 4; lastKnownFileType = sourcecode.c.c; name = archive_write_set_format_cpio_newc.c; path = ../libarchive/archive_write_set_format_cpio_newc.c; sourceTree = "<group>"; };
		22C682321F0A38A200077E19 /* archive_write_add_filter_none.c */ = {isa = PBXFileReference; fileEncoding = 4; lastKnownFileType = sourcecode.c.c; name = archive_write_add_filter_none.c; path = ../libarchive/archive_write_add_filter_none.c; sourceTree = "<group>"; };
		22C682331F0A38A200077E19 /* archive_write_add_filter_program.c */ = {isa = PBXFileReference; fileEncoding = 4; lastKnownFileType = sourcecode.c.c; name = archive_write_add_filter_program.c; path = ../libarchive/archive_write_add_filter_program.c; sourceTree = "<group>"; };
		22C682341F0A38A200077E19 /* archive_write_set_format_cpio.c */ = {isa = PBXFileReference; fileEncoding = 4; lastKnownFileType = sourcecode.c.c; name = archive_write_set_format_cpio.c; path = ../libarchive/archive_write_set_format_cpio.c; sourceTree = "<group>"; };
		22C6825F1F0A390D00077E19 /* filter_fork_posix.c */ = {isa = PBXFileReference; fileEncoding = 4; lastKnownFileType = sourcecode.c.c; name = filter_fork_posix.c; path = ../libarchive/filter_fork_posix.c; sourceTree = "<group>"; };
		22C682611F0A3DE500077E19 /* xxhash.c */ = {isa = PBXFileReference; fileEncoding = 4; lastKnownFileType = sourcecode.c.c; name = xxhash.c; path = ../libarchive/xxhash.c; sourceTree = "<group>"; };
		22C682631F0A3DFE00077E19 /* archive_disk_acl_darwin.c */ = {isa = PBXFileReference; fileEncoding = 4; lastKnownFileType = sourcecode.c.c; name = archive_disk_acl_darwin.c; path = ../libarchive/archive_disk_acl_darwin.c; sourceTree = "<group>"; };
		22C682661F0A3E5F00077E19 /* err.c */ = {isa = PBXFileReference; fileEncoding = 4; lastKnownFileType = sourcecode.c.c; name = err.c; path = ../libarchive_fe/err.c; sourceTree = "<group>"; };
		22C682681F0A3E6600077E19 /* line_reader.c */ = {isa = PBXFileReference; fileEncoding = 4; lastKnownFileType = sourcecode.c.c; name = line_reader.c; path = ../libarchive_fe/line_reader.c; sourceTree = "<group>"; };
		22C6826A1F0A3E6D00077E19 /* passphrase.c */ = {isa = PBXFileReference; fileEncoding = 4; lastKnownFileType = sourcecode.c.c; name = passphrase.c; path = ../libarchive_fe/passphrase.c; sourceTree = "<group>"; };
		22C6826D1F0A3EBC00077E19 /* util.c */ = {isa = PBXFileReference; fileEncoding = 4; lastKnownFileType = sourcecode.c.c; name = util.c; path = ../tar/util.c; sourceTree = "<group>"; };
		22C6826E1F0A3EBC00077E19 /* bsdtar.c */ = {isa = PBXFileReference; fileEncoding = 4; lastKnownFileType = sourcecode.c.c; name = bsdtar.c; path = ../tar/bsdtar.c; sourceTree = "<group>"; };
		22C6826F1F0A3EBC00077E19 /* subst.c */ = {isa = PBXFileReference; fileEncoding = 4; lastKnownFileType = sourcecode.c.c; name = subst.c; path = ../tar/subst.c; sourceTree = "<group>"; };
		22C682701F0A3EBC00077E19 /* creation_set.c */ = {isa = PBXFileReference; fileEncoding = 4; lastKnownFileType = sourcecode.c.c; name = creation_set.c; path = ../tar/creation_set.c; sourceTree = "<group>"; };
		22C682711F0A3EBC00077E19 /* cmdline.c */ = {isa = PBXFileReference; fileEncoding = 4; lastKnownFileType = sourcecode.c.c; name = cmdline.c; path = ../tar/cmdline.c; sourceTree = "<group>"; };
		22C682721F0A3EBC00077E19 /* write.c */ = {isa = PBXFileReference; fileEncoding = 4; lastKnownFileType = sourcecode.c.c; name = write.c; path = ../tar/write.c; sourceTree = "<group>"; };
		22C682731F0A3EBD00077E19 /* read.c */ = {isa = PBXFileReference; fileEncoding = 4; lastKnownFileType = sourcecode.c.c; name = read.c; path = ../tar/read.c; sourceTree = "<group>"; };
		22E03F2B1F0A482A00974EA7 /* libarchive_ios.framework */ = {isa = PBXFileReference; explicitFileType = wrapper.framework; includeInIndex = 0; path = libarchive_ios.framework; sourceTree = BUILT_PRODUCTS_DIR; };
		22E03F2D1F0A482B00974EA7 /* libarchive_ios.h */ = {isa = PBXFileReference; lastKnownFileType = sourcecode.c.h; path = libarchive_ios.h; sourceTree = "<group>"; };
		22E03F2E1F0A482B00974EA7 /* Info.plist */ = {isa = PBXFileReference; lastKnownFileType = text.plist.xml; path = Info.plist; sourceTree = "<group>"; };
		22F737F31F0A4BAF00048A48 /* libxml2.2.tbd */ = {isa = PBXFileReference; lastKnownFileType = "sourcecode.text-based-dylib-definition"; name = libxml2.2.tbd; path = usr/lib/libxml2.2.tbd; sourceTree = SDKROOT; };
		22F737F51F0A4BCD00048A48 /* libcompression.tbd */ = {isa = PBXFileReference; lastKnownFileType = "sourcecode.text-based-dylib-definition"; name = libcompression.tbd; path = usr/lib/libcompression.tbd; sourceTree = SDKROOT; };
		22F737F71F0A4BE800048A48 /* libz.tbd */ = {isa = PBXFileReference; lastKnownFileType = "sourcecode.text-based-dylib-definition"; name = libz.tbd; path = usr/lib/libz.tbd; sourceTree = SDKROOT; };
		22F737F81F0A4BF200048A48 /* libbz2.1.0.tbd */ = {isa = PBXFileReference; lastKnownFileType = "sourcecode.text-based-dylib-definition"; name = libbz2.1.0.tbd; path = usr/lib/libbz2.1.0.tbd; sourceTree = SDKROOT; };
		22F737FB1F0A4C2400048A48 /* libiconv.2.4.0.tbd */ = {isa = PBXFileReference; lastKnownFileType = "sourcecode.text-based-dylib-definition"; name = libiconv.2.4.0.tbd; path = usr/lib/libiconv.2.4.0.tbd; sourceTree = SDKROOT; };
		22F737FD1F0A4C4100048A48 /* libbz2.tbd */ = {isa = PBXFileReference; lastKnownFileType = "sourcecode.text-based-dylib-definition"; name = libbz2.tbd; path = usr/lib/libbz2.tbd; sourceTree = SDKROOT; };
		22F737FF1F0A4C5100048A48 /* libxml2.tbd */ = {isa = PBXFileReference; lastKnownFileType = "sourcecode.text-based-dylib-definition"; name = libxml2.tbd; path = usr/lib/libxml2.tbd; sourceTree = SDKROOT; };
		22F738011F0A4C6200048A48 /* libiconv.2.tbd */ = {isa = PBXFileReference; lastKnownFileType = "sourcecode.text-based-dylib-definition"; name = libiconv.2.tbd; path = usr/lib/libiconv.2.tbd; sourceTree = SDKROOT; };
		22F738031F0A4CBB00048A48 /* libz.1.tbd */ = {isa = PBXFileReference; lastKnownFileType = "sourcecode.text-based-dylib-definition"; name = libz.1.tbd; path = usr/lib/libz.1.tbd; sourceTree = SDKROOT; };
		22F738051F0A4D0300048A48 /* archive_getdate.c */ = {isa = PBXFileReference; fileEncoding = 4; lastKnownFileType = sourcecode.c.c; name = archive_getdate.c; path = ../libarchive/archive_getdate.c; sourceTree = "<group>"; };
/* End PBXFileReference section */

/* Begin PBXFrameworksBuildPhase section */
		22E03F271F0A482A00974EA7 /* Frameworks */ = {
			isa = PBXFrameworksBuildPhase;
			buildActionMask = 2147483647;
			files = (
			);
			runOnlyForDeploymentPostprocessing = 0;
		};
/* End PBXFrameworksBuildPhase section */

/* Begin PBXGroup section */
		22C681661F0A336100077E19 = {
			isa = PBXGroup;
			children = (
				22C682651F0A3E2E00077E19 /* libarchive_fe */,
				22C6817B1F0A336F00077E19 /* libarchive */,
				22C6826C1F0A3E8300077E19 /* tar */,
				22E03F2C1F0A482B00974EA7 /* libarchive_ios */,
				22C681701F0A336100077E19 /* Products */,
				22F737F21F0A4BAF00048A48 /* Frameworks */,
			);
			sourceTree = "<group>";
		};
		22C681701F0A336100077E19 /* Products */ = {
			isa = PBXGroup;
			children = (
				22E03F2B1F0A482A00974EA7 /* libarchive_ios.framework */,
			);
			name = Products;
			sourceTree = "<group>";
		};
		22C6817B1F0A336F00077E19 /* libarchive */ = {
			isa = PBXGroup;
			children = (
				22C6817E1F0A342A00077E19 /* config.h */,
				22C6817C1F0A339A00077E19 /* archive_acl.c */,
				22C6817F1F0A344B00077E19 /* archive_check_magic.c */,
				22C681811F0A356C00077E19 /* archive_cmdline.c */,
				22C681831F0A35AC00077E19 /* archive_cryptor.c */,
				22C681851F0A35C500077E19 /* archive_digest.c */,
				22C681871F0A35DE00077E19 /* archive_entry.c */,
				22C681891F0A361E00077E19 /* archive_entry_copy_stat.c */,
				22C6818B1F0A362600077E19 /* archive_entry_link_resolver.c */,
				22C6818D1F0A362B00077E19 /* archive_entry_sparse.c */,
				22C6818F1F0A363C00077E19 /* archive_entry_stat.c */,
				22C681911F0A364200077E19 /* archive_entry_strmode.c */,
				22C681931F0A364600077E19 /* archive_entry_xattr.c */,
				22F738051F0A4D0300048A48 /* archive_getdate.c */,
				22C681951F0A365700077E19 /* archive_hmac.c */,
				22C681971F0A366800077E19 /* archive_match.c */,
				22C681991F0A375A00077E19 /* archive_options.c */,
				22C6819B1F0A376800077E19 /* archive_pack_dev.c */,
				22C681CC1F0A37A800077E19 /* archive_pathmatch.c */,
				22C6819D1F0A37A200077E19 /* archive_ppmd7.c */,
				22C681C81F0A37A700077E19 /* archive_random.c */,
				22C681BA1F0A37A600077E19 /* archive_rb.c */,
				22C681B81F0A37A500077E19 /* archive_read_add_passphrase.c */,
				22C681B21F0A37A500077E19 /* archive_read_append_filter.c */,
				22C681AC1F0A37A400077E19 /* archive_read_data_into_fd.c */,
				22C681B31F0A37A500077E19 /* archive_read_disk_entry_from_file.c */,
				22C681A41F0A37A300077E19 /* archive_read_disk_posix.c */,
				22C6819E1F0A37A300077E19 /* archive_read_disk_set_standard_lookup.c */,
				22C681C01F0A37A600077E19 /* archive_read_disk_windows.c */,
				22C681B41F0A37A500077E19 /* archive_read_extract.c */,
				22C681CB1F0A37A800077E19 /* archive_read_extract2.c */,
				22C681A31F0A37A300077E19 /* archive_read_open_fd.c */,
				22C681A71F0A37A400077E19 /* archive_read_open_file.c */,
				22C681C21F0A37A700077E19 /* archive_read_open_filename.c */,
				22C681CA1F0A37A800077E19 /* archive_read_open_memory.c */,
				22C681AE1F0A37A400077E19 /* archive_read_set_format.c */,
				22C681AA1F0A37A400077E19 /* archive_read_set_options.c */,
				22C681A61F0A37A300077E19 /* archive_read_support_filter_all.c */,
				22C681AB1F0A37A400077E19 /* archive_read_support_filter_bzip2.c */,
				22C681B11F0A37A500077E19 /* archive_read_support_filter_compress.c */,
				22C681A81F0A37A400077E19 /* archive_read_support_filter_grzip.c */,
				22C681C41F0A37A700077E19 /* archive_read_support_filter_gzip.c */,
				22C681C71F0A37A700077E19 /* archive_read_support_filter_lrzip.c */,
				22C681BE1F0A37A600077E19 /* archive_read_support_filter_lz4.c */,
				22C681A21F0A37A300077E19 /* archive_read_support_filter_lzop.c */,
				22C681C11F0A37A600077E19 /* archive_read_support_filter_none.c */,
				22C681A01F0A37A300077E19 /* archive_read_support_filter_program.c */,
				22C681A51F0A37A300077E19 /* archive_read_support_filter_rpm.c */,
				22C681C51F0A37A700077E19 /* archive_read_support_filter_uu.c */,
				22C681C91F0A37A700077E19 /* archive_read_support_filter_xz.c */,
				22C681B01F0A37A500077E19 /* archive_read_support_format_7zip.c */,
				22C681A11F0A37A300077E19 /* archive_read_support_format_all.c */,
				22C681A91F0A37A400077E19 /* archive_read_support_format_ar.c */,
				22C681B51F0A37A500077E19 /* archive_read_support_format_by_code.c */,
				22C681BD1F0A37A600077E19 /* archive_read_support_format_cab.c */,
				22C681B61F0A37A500077E19 /* archive_read_support_format_cpio.c */,
				22C681BB1F0A37A600077E19 /* archive_read_support_format_empty.c */,
				22C681C31F0A37A700077E19 /* archive_read_support_format_iso9660.c */,
				22C681AF1F0A37A400077E19 /* archive_read_support_format_lha.c */,
				22C6819F1F0A37A300077E19 /* archive_read_support_format_mtree.c */,
				22C681C61F0A37A700077E19 /* archive_read_support_format_rar.c */,
				22C681B71F0A37A500077E19 /* archive_read_support_format_raw.c */,
				22C681BC1F0A37A600077E19 /* archive_read_support_format_tar.c */,
				22C681B91F0A37A500077E19 /* archive_read_support_format_warc.c */,
				22C681CD1F0A37A800077E19 /* archive_read_support_format_xar.c */,
				22C681AD1F0A37A400077E19 /* archive_read_support_format_zip.c */,
				22C681BF1F0A37A600077E19 /* archive_read.c */,
				22C682041F0A388600077E19 /* archive_string_sprintf.c */,
				22C682001F0A388500077E19 /* archive_string.c */,
				22C682031F0A388600077E19 /* archive_util.c */,
				22C682011F0A388500077E19 /* archive_version_details.c */,
				22C682021F0A388600077E19 /* archive_virtual.c */,
				22C681FF1F0A388500077E19 /* archive_windows.c */,
				22C6822F1F0A38A200077E19 /* archive_write_add_filter_b64encode.c */,
				22C6822A1F0A38A100077E19 /* archive_write_add_filter_by_name.c */,
				22C6821A1F0A389F00077E19 /* archive_write_add_filter_bzip2.c */,
				22C6820F1F0A389D00077E19 /* archive_write_add_filter_compress.c */,
				22C6821C1F0A389F00077E19 /* archive_write_add_filter_grzip.c */,
				22C682191F0A389E00077E19 /* archive_write_add_filter_gzip.c */,
				22C6820D1F0A389D00077E19 /* archive_write_add_filter_lrzip.c */,
				22C6821D1F0A389F00077E19 /* archive_write_add_filter_lz4.c */,
				22C682151F0A389E00077E19 /* archive_write_add_filter_lzop.c */,
				22C682321F0A38A200077E19 /* archive_write_add_filter_none.c */,
				22C682331F0A38A200077E19 /* archive_write_add_filter_program.c */,
				22C682131F0A389E00077E19 /* archive_write_add_filter_uuencode.c */,
				22C6821F1F0A389F00077E19 /* archive_write_add_filter_xz.c */,
				22C682261F0A38A000077E19 /* archive_write_add_filter.c */,
				22C6820B1F0A389C00077E19 /* archive_write_disk_posix.c */,
				22C6820C1F0A389D00077E19 /* archive_write_disk_set_standard_lookup.c */,
				22C6821E1F0A389F00077E19 /* archive_write_disk_windows.c */,
				22C6822B1F0A38A100077E19 /* archive_write_open_fd.c */,
				22C682111F0A389D00077E19 /* archive_write_open_file.c */,
				22C682251F0A38A000077E19 /* archive_write_open_filename.c */,
				22C6822D1F0A38A100077E19 /* archive_write_open_memory.c */,
				22C682301F0A38A200077E19 /* archive_write_set_format_7zip.c */,
				22C682211F0A389F00077E19 /* archive_write_set_format_ar.c */,
				22C682201F0A389F00077E19 /* archive_write_set_format_by_name.c */,
				22C682311F0A38A200077E19 /* archive_write_set_format_cpio_newc.c */,
				22C682341F0A38A200077E19 /* archive_write_set_format_cpio.c */,
				22C6822C1F0A38A100077E19 /* archive_write_set_format_filter_by_ext.c */,
				22C682291F0A38A100077E19 /* archive_write_set_format_gnutar.c */,
				22C682101F0A389D00077E19 /* archive_write_set_format_iso9660.c */,
				22C682221F0A38A000077E19 /* archive_write_set_format_mtree.c */,
				22C682241F0A38A000077E19 /* archive_write_set_format_pax.c */,
				22C682171F0A389E00077E19 /* archive_write_set_format_raw.c */,
				22C6822E1F0A38A200077E19 /* archive_write_set_format_shar.c */,
				22C682161F0A389E00077E19 /* archive_write_set_format_ustar.c */,
				22C682271F0A38A000077E19 /* archive_write_set_format_v7tar.c */,
				22C682121F0A389E00077E19 /* archive_write_set_format_warc.c */,
				22C6821B1F0A389F00077E19 /* archive_write_set_format_xar.c */,
				22C682181F0A389E00077E19 /* archive_write_set_format_zip.c */,
				22C682281F0A38A000077E19 /* archive_write_set_format.c */,
				22C682141F0A389E00077E19 /* archive_write_set_options.c */,
				22C6820E1F0A389D00077E19 /* archive_write_set_passphrase.c */,
				22C682231F0A38A000077E19 /* archive_write.c */,
				22C6825F1F0A390D00077E19 /* filter_fork_posix.c */,
				22C682611F0A3DE500077E19 /* xxhash.c */,
				22C682631F0A3DFE00077E19 /* archive_disk_acl_darwin.c */,
			);
			name = libarchive;
			sourceTree = "<group>";
		};
		22C682651F0A3E2E00077E19 /* libarchive_fe */ = {
			isa = PBXGroup;
			children = (
				22C682661F0A3E5F00077E19 /* err.c */,
				22C682681F0A3E6600077E19 /* line_reader.c */,
				22C6826A1F0A3E6D00077E19 /* passphrase.c */,
			);
			name = libarchive_fe;
			sourceTree = "<group>";
		};
		22C6826C1F0A3E8300077E19 /* tar */ = {
			isa = PBXGroup;
			children = (
				22C6826E1F0A3EBC00077E19 /* bsdtar.c */,
				22C682711F0A3EBC00077E19 /* cmdline.c */,
				22C682701F0A3EBC00077E19 /* creation_set.c */,
				22C682731F0A3EBD00077E19 /* read.c */,
				22C6826F1F0A3EBC00077E19 /* subst.c */,
				22C6826D1F0A3EBC00077E19 /* util.c */,
				22C682721F0A3EBC00077E19 /* write.c */,
			);
			name = tar;
			sourceTree = "<group>";
		};
		22E03F2C1F0A482B00974EA7 /* libarchive_ios */ = {
			isa = PBXGroup;
			children = (
				22E03F2D1F0A482B00974EA7 /* libarchive_ios.h */,
				22E03F2E1F0A482B00974EA7 /* Info.plist */,
			);
			path = libarchive_ios;
			sourceTree = SOURCE_ROOT;
		};
		22F737F21F0A4BAF00048A48 /* Frameworks */ = {
			isa = PBXGroup;
			children = (
				22F738031F0A4CBB00048A48 /* libz.1.tbd */,
				22F738011F0A4C6200048A48 /* libiconv.2.tbd */,
				22F737FF1F0A4C5100048A48 /* libxml2.tbd */,
				22F737FD1F0A4C4100048A48 /* libbz2.tbd */,
				22F737FB1F0A4C2400048A48 /* libiconv.2.4.0.tbd */,
				22F737F81F0A4BF200048A48 /* libbz2.1.0.tbd */,
				22F737F71F0A4BE800048A48 /* libz.tbd */,
				22F737F51F0A4BCD00048A48 /* libcompression.tbd */,
				22F737F31F0A4BAF00048A48 /* libxml2.2.tbd */,
			);
			name = Frameworks;
			sourceTree = "<group>";
		};
/* End PBXGroup section */

/* Begin PBXHeadersBuildPhase section */
		22E03F281F0A482A00974EA7 /* Headers */ = {
			isa = PBXHeadersBuildPhase;
			buildActionMask = 2147483647;
			files = (
				22E03F2F1F0A482B00974EA7 /* libarchive_ios.h in Headers */,
			);
			runOnlyForDeploymentPostprocessing = 0;
		};
/* End PBXHeadersBuildPhase section */

/* Begin PBXNativeTarget section */
		22E03F2A1F0A482A00974EA7 /* libarchive_ios */ = {
			isa = PBXNativeTarget;
			buildConfigurationList = 22E03F321F0A482B00974EA7 /* Build configuration list for PBXNativeTarget "libarchive_ios" */;
			buildPhases = (
				22E03F261F0A482A00974EA7 /* Sources */,
				22E03F271F0A482A00974EA7 /* Frameworks */,
				22E03F281F0A482A00974EA7 /* Headers */,
				22E03F291F0A482A00974EA7 /* Resources */,
			);
			buildRules = (
			);
			dependencies = (
			);
			name = libarchive_ios;
			productName = libarchive_ios;
			productReference = 22E03F2B1F0A482A00974EA7 /* libarchive_ios.framework */;
			productType = "com.apple.product-type.framework";
		};
/* End PBXNativeTarget section */

/* Begin PBXProject section */
		22C681671F0A336100077E19 /* Project object */ = {
			isa = PBXProject;
			attributes = {
				LastUpgradeCheck = 0900;
				ORGANIZATIONNAME = "Nicolas Holzschuch";
				TargetAttributes = {
					22E03F2A1F0A482A00974EA7 = {
						CreatedOnToolsVersion = 9.0;
						ProvisioningStyle = Automatic;
					};
				};
			};
			buildConfigurationList = 22C6816A1F0A336100077E19 /* Build configuration list for PBXProject "libarchive_ios" */;
			compatibilityVersion = "Xcode 8.0";
			developmentRegion = en;
			hasScannedForEncodings = 0;
			knownRegions = (
				en,
			);
			mainGroup = 22C681661F0A336100077E19;
			productRefGroup = 22C681701F0A336100077E19 /* Products */;
			projectDirPath = "";
			projectRoot = "";
			targets = (
				22E03F2A1F0A482A00974EA7 /* libarchive_ios */,
			);
		};
/* End PBXProject section */

/* Begin PBXResourcesBuildPhase section */
		22E03F291F0A482A00974EA7 /* Resources */ = {
			isa = PBXResourcesBuildPhase;
			buildActionMask = 2147483647;
			files = (
			);
			runOnlyForDeploymentPostprocessing = 0;
		};
/* End PBXResourcesBuildPhase section */

/* Begin PBXSourcesBuildPhase section */
		22E03F261F0A482A00974EA7 /* Sources */ = {
			isa = PBXSourcesBuildPhase;
			buildActionMask = 2147483647;
			files = (
				22E03F331F0A486000974EA7 /* archive_acl.c in Sources */,
				22E03F341F0A486000974EA7 /* archive_check_magic.c in Sources */,
				22E03F351F0A486000974EA7 /* archive_cmdline.c in Sources */,
				22E03F361F0A486000974EA7 /* archive_cryptor.c in Sources */,
				22E03F371F0A486000974EA7 /* archive_digest.c in Sources */,
				22E03F381F0A486000974EA7 /* archive_entry.c in Sources */,
				22E03F391F0A486000974EA7 /* archive_entry_copy_stat.c in Sources */,
				22E03F3A1F0A486000974EA7 /* archive_entry_link_resolver.c in Sources */,
				22E03F3B1F0A486000974EA7 /* archive_entry_sparse.c in Sources */,
				22E03F3C1F0A486000974EA7 /* archive_entry_stat.c in Sources */,
				22E03F3D1F0A486000974EA7 /* archive_entry_strmode.c in Sources */,
				22E03F3E1F0A486000974EA7 /* archive_entry_xattr.c in Sources */,
				22E03F3F1F0A486000974EA7 /* archive_hmac.c in Sources */,
				22E03F401F0A486000974EA7 /* archive_match.c in Sources */,
				22E03F411F0A486000974EA7 /* archive_options.c in Sources */,
				22E03F421F0A486000974EA7 /* archive_pack_dev.c in Sources */,
				22E03F431F0A486000974EA7 /* archive_pathmatch.c in Sources */,
				22E03F441F0A486000974EA7 /* archive_ppmd7.c in Sources */,
				22E03F451F0A486000974EA7 /* archive_random.c in Sources */,
				22E03F461F0A486000974EA7 /* archive_rb.c in Sources */,
				22E03F471F0A486000974EA7 /* archive_read_add_passphrase.c in Sources */,
				22F738061F0A4D0400048A48 /* archive_getdate.c in Sources */,
				22E03F481F0A486000974EA7 /* archive_read_append_filter.c in Sources */,
				22E03F491F0A486000974EA7 /* archive_read_data_into_fd.c in Sources */,
				22E03F4A1F0A486000974EA7 /* archive_read_disk_entry_from_file.c in Sources */,
				22E03F4B1F0A486000974EA7 /* archive_read_disk_posix.c in Sources */,
				22E03F4C1F0A486000974EA7 /* archive_read_disk_set_standard_lookup.c in Sources */,
				22E03F4D1F0A486000974EA7 /* archive_read_disk_windows.c in Sources */,
				22E03F4E1F0A486000974EA7 /* archive_read_extract.c in Sources */,
				22E03F4F1F0A486000974EA7 /* archive_read_extract2.c in Sources */,
				22E03F501F0A486000974EA7 /* archive_read_open_fd.c in Sources */,
				22E03F511F0A486000974EA7 /* archive_read_open_file.c in Sources */,
				22E03F521F0A486000974EA7 /* archive_read_open_filename.c in Sources */,
				22E03F531F0A486000974EA7 /* archive_read_open_memory.c in Sources */,
				22E03F541F0A486000974EA7 /* archive_read_set_format.c in Sources */,
				22E03F551F0A486000974EA7 /* archive_read_set_options.c in Sources */,
				22E03F561F0A486000974EA7 /* archive_read_support_filter_all.c in Sources */,
				22E03F571F0A486000974EA7 /* archive_read_support_filter_bzip2.c in Sources */,
				22E03F581F0A486000974EA7 /* archive_read_support_filter_compress.c in Sources */,
				22E03F591F0A486000974EA7 /* archive_read_support_filter_grzip.c in Sources */,
				22E03F5A1F0A486000974EA7 /* archive_read_support_filter_gzip.c in Sources */,
				22E03F5B1F0A486000974EA7 /* archive_read_support_filter_lrzip.c in Sources */,
				22E03F5C1F0A486000974EA7 /* archive_read_support_filter_lz4.c in Sources */,
				22E03F5D1F0A486000974EA7 /* archive_read_support_filter_lzop.c in Sources */,
				22E03F5E1F0A486000974EA7 /* archive_read_support_filter_none.c in Sources */,
				22E03F5F1F0A486000974EA7 /* archive_read_support_filter_program.c in Sources */,
				22E03F601F0A486000974EA7 /* archive_read_support_filter_rpm.c in Sources */,
				22E03F611F0A486000974EA7 /* archive_read_support_filter_uu.c in Sources */,
				22E03F621F0A486000974EA7 /* archive_read_support_filter_xz.c in Sources */,
				22E03F631F0A486000974EA7 /* archive_read_support_format_7zip.c in Sources */,
				22E03F641F0A486000974EA7 /* archive_read_support_format_all.c in Sources */,
				22E03F651F0A486000974EA7 /* archive_read_support_format_ar.c in Sources */,
				22E03F661F0A486000974EA7 /* archive_read_support_format_by_code.c in Sources */,
				22E03F671F0A486000974EA7 /* archive_read_support_format_cab.c in Sources */,
				22E03F681F0A486000974EA7 /* archive_read_support_format_cpio.c in Sources */,
				22E03F691F0A486000974EA7 /* archive_read_support_format_empty.c in Sources */,
				22E03F6A1F0A486000974EA7 /* archive_read_support_format_iso9660.c in Sources */,
				22E03F6B1F0A486000974EA7 /* archive_read_support_format_lha.c in Sources */,
				22E03F6C1F0A486000974EA7 /* archive_read_support_format_mtree.c in Sources */,
				22E03F6D1F0A486000974EA7 /* archive_read_support_format_rar.c in Sources */,
				22E03F6E1F0A486000974EA7 /* archive_read_support_format_raw.c in Sources */,
				22E03F6F1F0A486000974EA7 /* archive_read_support_format_tar.c in Sources */,
				22E03F701F0A486000974EA7 /* archive_read_support_format_warc.c in Sources */,
				22E03F711F0A486000974EA7 /* archive_read_support_format_xar.c in Sources */,
				22E03F721F0A486000974EA7 /* archive_read_support_format_zip.c in Sources */,
				22E03F731F0A486000974EA7 /* archive_read.c in Sources */,
				22E03F741F0A486000974EA7 /* archive_string_sprintf.c in Sources */,
				22E03F751F0A486000974EA7 /* archive_string.c in Sources */,
				22E03F761F0A486000974EA7 /* archive_util.c in Sources */,
				22E03F771F0A486000974EA7 /* archive_version_details.c in Sources */,
				22E03F781F0A486000974EA7 /* archive_virtual.c in Sources */,
				22E03F791F0A486000974EA7 /* archive_windows.c in Sources */,
				22E03F7A1F0A486000974EA7 /* archive_write_add_filter_b64encode.c in Sources */,
				22E03F7B1F0A486000974EA7 /* archive_write_add_filter_by_name.c in Sources */,
				22E03F7C1F0A486000974EA7 /* archive_write_add_filter_bzip2.c in Sources */,
				22E03F7D1F0A486000974EA7 /* archive_write_add_filter_compress.c in Sources */,
				22E03F7E1F0A486000974EA7 /* archive_write_add_filter_grzip.c in Sources */,
				22E03F7F1F0A486000974EA7 /* archive_write_add_filter_gzip.c in Sources */,
				22E03F801F0A486000974EA7 /* archive_write_add_filter_lrzip.c in Sources */,
				22E03F811F0A486000974EA7 /* archive_write_add_filter_lz4.c in Sources */,
				22E03F821F0A486000974EA7 /* archive_write_add_filter_lzop.c in Sources */,
				22E03F831F0A486000974EA7 /* archive_write_add_filter_none.c in Sources */,
				22E03F841F0A486000974EA7 /* archive_write_add_filter_program.c in Sources */,
				22E03F851F0A486000974EA7 /* archive_write_add_filter_uuencode.c in Sources */,
				22E03F861F0A486000974EA7 /* archive_write_add_filter_xz.c in Sources */,
				22E03F871F0A486000974EA7 /* archive_write_add_filter.c in Sources */,
				22E03F881F0A486000974EA7 /* archive_write_disk_posix.c in Sources */,
				22E03F891F0A486000974EA7 /* archive_write_disk_set_standard_lookup.c in Sources */,
				22E03F8A1F0A486000974EA7 /* archive_write_disk_windows.c in Sources */,
				22E03F8B1F0A486000974EA7 /* archive_write_open_fd.c in Sources */,
				22E03F8C1F0A486000974EA7 /* archive_write_open_file.c in Sources */,
				22E03F8D1F0A486000974EA7 /* archive_write_open_filename.c in Sources */,
				22E03F8E1F0A486000974EA7 /* archive_write_open_memory.c in Sources */,
				22E03F8F1F0A486000974EA7 /* archive_write_set_format_7zip.c in Sources */,
				22E03F901F0A486000974EA7 /* archive_write_set_format_ar.c in Sources */,
				22E03F911F0A486000974EA7 /* archive_write_set_format_by_name.c in Sources */,
				22E03F921F0A486000974EA7 /* archive_write_set_format_cpio_newc.c in Sources */,
				22E03F931F0A486000974EA7 /* archive_write_set_format_cpio.c in Sources */,
				22E03F941F0A486000974EA7 /* archive_write_set_format_filter_by_ext.c in Sources */,
				22E03F951F0A486000974EA7 /* archive_write_set_format_gnutar.c in Sources */,
				22E03F961F0A486000974EA7 /* archive_write_set_format_iso9660.c in Sources */,
				22E03F971F0A486000974EA7 /* archive_write_set_format_mtree.c in Sources */,
				22E03F981F0A486000974EA7 /* archive_write_set_format_pax.c in Sources */,
				22E03F991F0A486000974EA7 /* archive_write_set_format_raw.c in Sources */,
				22E03F9A1F0A486000974EA7 /* archive_write_set_format_shar.c in Sources */,
				22E03F9B1F0A486000974EA7 /* archive_write_set_format_ustar.c in Sources */,
				22E03F9C1F0A486000974EA7 /* archive_write_set_format_v7tar.c in Sources */,
				22E03F9D1F0A486000974EA7 /* archive_write_set_format_warc.c in Sources */,
				22E03F9E1F0A486000974EA7 /* archive_write_set_format_xar.c in Sources */,
				22E03F9F1F0A486000974EA7 /* archive_write_set_format_zip.c in Sources */,
				22E03FA01F0A486000974EA7 /* archive_write_set_format.c in Sources */,
				22E03FA11F0A486000974EA7 /* archive_write_set_options.c in Sources */,
				22E03FA21F0A486000974EA7 /* archive_write_set_passphrase.c in Sources */,
				22E03FA31F0A486000974EA7 /* archive_write.c in Sources */,
				22E03FA41F0A486000974EA7 /* filter_fork_posix.c in Sources */,
				22E03FA51F0A486000974EA7 /* xxhash.c in Sources */,
				22E03FA61F0A486000974EA7 /* archive_disk_acl_darwin.c in Sources */,
				22E03FA71F0A487B00974EA7 /* err.c in Sources */,
				22E03FA81F0A487B00974EA7 /* line_reader.c in Sources */,
				22E03FA91F0A487B00974EA7 /* passphrase.c in Sources */,
				22E03FAA1F0A488D00974EA7 /* bsdtar.c in Sources */,
				22E03FAB1F0A488D00974EA7 /* cmdline.c in Sources */,
				22E03FAC1F0A488D00974EA7 /* creation_set.c in Sources */,
				22E03FAD1F0A488D00974EA7 /* read.c in Sources */,
				22E03FAE1F0A488D00974EA7 /* subst.c in Sources */,
				22E03FAF1F0A488D00974EA7 /* util.c in Sources */,
				22E03FB01F0A488D00974EA7 /* write.c in Sources */,
			);
			runOnlyForDeploymentPostprocessing = 0;
		};
/* End PBXSourcesBuildPhase section */

/* Begin XCBuildConfiguration section */
		22C681761F0A336100077E19 /* Debug */ = {
			isa = XCBuildConfiguration;
			buildSettings = {
				ALWAYS_SEARCH_USER_PATHS = NO;
				CLANG_ANALYZER_NONNULL = YES;
				CLANG_ANALYZER_NUMBER_OBJECT_CONVERSION = YES_AGGRESSIVE;
				CLANG_CXX_LANGUAGE_STANDARD = "gnu++14";
				CLANG_CXX_LIBRARY = "libc++";
				CLANG_ENABLE_MODULES = YES;
				CLANG_ENABLE_OBJC_ARC = YES;
				CLANG_WARN_BLOCK_CAPTURE_AUTORELEASING = YES;
				CLANG_WARN_BOOL_CONVERSION = YES;
				CLANG_WARN_COMMA = YES;
				CLANG_WARN_CONSTANT_CONVERSION = YES;
				CLANG_WARN_DIRECT_OBJC_ISA_USAGE = YES_ERROR;
				CLANG_WARN_DOCUMENTATION_COMMENTS = YES;
				CLANG_WARN_EMPTY_BODY = YES;
				CLANG_WARN_ENUM_CONVERSION = YES;
				CLANG_WARN_INFINITE_RECURSION = YES;
				CLANG_WARN_INT_CONVERSION = YES;
				CLANG_WARN_OBJC_ROOT_CLASS = YES_ERROR;
				CLANG_WARN_RANGE_LOOP_ANALYSIS = YES;
				CLANG_WARN_STRICT_PROTOTYPES = YES;
				CLANG_WARN_SUSPICIOUS_MOVE = YES;
				CLANG_WARN_UNGUARDED_AVAILABILITY = YES_AGGRESSIVE;
				CLANG_WARN_UNREACHABLE_CODE = YES;
				CLANG_WARN__DUPLICATE_METHOD_MATCH = YES;
				CODE_SIGN_IDENTITY = "iPhone Developer";
				COPY_PHASE_STRIP = NO;
				DEBUG_INFORMATION_FORMAT = dwarf;
				ENABLE_STRICT_OBJC_MSGSEND = YES;
				ENABLE_TESTABILITY = YES;
				GCC_C_LANGUAGE_STANDARD = gnu11;
				GCC_DYNAMIC_NO_PIC = NO;
				GCC_NO_COMMON_BLOCKS = YES;
				GCC_OPTIMIZATION_LEVEL = 0;
				GCC_PREPROCESSOR_DEFINITIONS = (
					"DEBUG=1",
					"$(inherited)",
				);
				GCC_WARN_64_TO_32_BIT_CONVERSION = YES;
				GCC_WARN_ABOUT_RETURN_TYPE = YES_ERROR;
				GCC_WARN_UNDECLARED_SELECTOR = YES;
				GCC_WARN_UNINITIALIZED_AUTOS = YES_AGGRESSIVE;
				GCC_WARN_UNUSED_FUNCTION = YES;
				GCC_WARN_UNUSED_VARIABLE = YES;
				IPHONEOS_DEPLOYMENT_TARGET = 11.0;
				MTL_ENABLE_DEBUG_INFO = YES;
				ONLY_ACTIVE_ARCH = YES;
				SDKROOT = iphoneos;
			};
			name = Debug;
		};
		22C681771F0A336100077E19 /* Release */ = {
			isa = XCBuildConfiguration;
			buildSettings = {
				ALWAYS_SEARCH_USER_PATHS = NO;
				CLANG_ANALYZER_NONNULL = YES;
				CLANG_ANALYZER_NUMBER_OBJECT_CONVERSION = YES_AGGRESSIVE;
				CLANG_CXX_LANGUAGE_STANDARD = "gnu++14";
				CLANG_CXX_LIBRARY = "libc++";
				CLANG_ENABLE_MODULES = YES;
				CLANG_ENABLE_OBJC_ARC = YES;
				CLANG_WARN_BLOCK_CAPTURE_AUTORELEASING = YES;
				CLANG_WARN_BOOL_CONVERSION = YES;
				CLANG_WARN_COMMA = YES;
				CLANG_WARN_CONSTANT_CONVERSION = YES;
				CLANG_WARN_DIRECT_OBJC_ISA_USAGE = YES_ERROR;
				CLANG_WARN_DOCUMENTATION_COMMENTS = YES;
				CLANG_WARN_EMPTY_BODY = YES;
				CLANG_WARN_ENUM_CONVERSION = YES;
				CLANG_WARN_INFINITE_RECURSION = YES;
				CLANG_WARN_INT_CONVERSION = YES;
				CLANG_WARN_OBJC_ROOT_CLASS = YES_ERROR;
				CLANG_WARN_RANGE_LOOP_ANALYSIS = YES;
				CLANG_WARN_STRICT_PROTOTYPES = YES;
				CLANG_WARN_SUSPICIOUS_MOVE = YES;
				CLANG_WARN_UNGUARDED_AVAILABILITY = YES_AGGRESSIVE;
				CLANG_WARN_UNREACHABLE_CODE = YES;
				CLANG_WARN__DUPLICATE_METHOD_MATCH = YES;
				CODE_SIGN_IDENTITY = "iPhone Developer";
				COPY_PHASE_STRIP = NO;
				DEBUG_INFORMATION_FORMAT = "dwarf-with-dsym";
				ENABLE_NS_ASSERTIONS = NO;
				ENABLE_STRICT_OBJC_MSGSEND = YES;
				GCC_C_LANGUAGE_STANDARD = gnu11;
				GCC_NO_COMMON_BLOCKS = YES;
				GCC_WARN_64_TO_32_BIT_CONVERSION = YES;
				GCC_WARN_ABOUT_RETURN_TYPE = YES_ERROR;
				GCC_WARN_UNDECLARED_SELECTOR = YES;
				GCC_WARN_UNINITIALIZED_AUTOS = YES_AGGRESSIVE;
				GCC_WARN_UNUSED_FUNCTION = YES;
				GCC_WARN_UNUSED_VARIABLE = YES;
				IPHONEOS_DEPLOYMENT_TARGET = 11.0;
				MTL_ENABLE_DEBUG_INFO = NO;
				SDKROOT = iphoneos;
				VALIDATE_PRODUCT = YES;
			};
			name = Release;
		};
		22E03F301F0A482B00974EA7 /* Debug */ = {
			isa = XCBuildConfiguration;
			buildSettings = {
				CODE_SIGN_IDENTITY = "";
				"CODE_SIGN_IDENTITY[sdk=iphoneos*]" = "iPhone Developer";
				CODE_SIGN_STYLE = Automatic;
				CURRENT_PROJECT_VERSION = 1;
				DEFINES_MODULE = YES;
				DEVELOPMENT_TEAM = VG8Z23C8YL;
				DYLIB_COMPATIBILITY_VERSION = 1;
				DYLIB_CURRENT_VERSION = 1;
				DYLIB_INSTALL_NAME_BASE = "@rpath";
				INFOPLIST_FILE = libarchive_ios/Info.plist;
				INSTALL_PATH = "$(LOCAL_LIBRARY_DIR)/Frameworks";
				LD_RUNPATH_SEARCH_PATHS = "$(inherited) @executable_path/Frameworks @loader_path/Frameworks";
				MACH_O_TYPE = staticlib;
				"OTHER_CFLAGS[arch=*]" = (
					"-D",
					HAVE_CONFIG_H,
					"-I",
					"/Applications/Xcode-beta.app/Contents/Developer/Platforms/iPhoneOS.platform/Developer/SDKs/iPhoneOS.sdk/usr/include/libxml2/",
				);
				PRODUCT_BUNDLE_IDENTIFIER = "Acube.libarchive-ios-f";
				PRODUCT_NAME = "$(TARGET_NAME:c99extidentifier)";
				PROVISIONING_PROFILE_SPECIFIER = "";
				SKIP_INSTALL = YES;
				SWIFT_ACTIVE_COMPILATION_CONDITIONS = DEBUG;
				SWIFT_OPTIMIZATION_LEVEL = "-Onone";
				SWIFT_VERSION = 4.0;
				TARGETED_DEVICE_FAMILY = "1,2";
				VERSIONING_SYSTEM = "apple-generic";
				VERSION_INFO_PREFIX = "";
			};
			name = Debug;
		};
		22E03F311F0A482B00974EA7 /* Release */ = {
			isa = XCBuildConfiguration;
			buildSettings = {
				CODE_SIGN_IDENTITY = "";
				"CODE_SIGN_IDENTITY[sdk=iphoneos*]" = "iPhone Developer";
				CODE_SIGN_STYLE = Automatic;
				CURRENT_PROJECT_VERSION = 1;
				DEFINES_MODULE = YES;
				DEVELOPMENT_TEAM = VG8Z23C8YL;
				DYLIB_COMPATIBILITY_VERSION = 1;
				DYLIB_CURRENT_VERSION = 1;
				DYLIB_INSTALL_NAME_BASE = "@rpath";
				INFOPLIST_FILE = libarchive_ios/Info.plist;
				INSTALL_PATH = "$(LOCAL_LIBRARY_DIR)/Frameworks";
				LD_RUNPATH_SEARCH_PATHS = "$(inherited) @executable_path/Frameworks @loader_path/Frameworks";
				MACH_O_TYPE = staticlib;
				"OTHER_CFLAGS[arch=*]" = (
					"-D",
					HAVE_CONFIG_H,
					"-I",
					"/Applications/Xcode-beta.app/Contents/Developer/Platforms/iPhoneOS.platform/Developer/SDKs/iPhoneOS.sdk/usr/include/libxml2/",
				);
				PRODUCT_BUNDLE_IDENTIFIER = "Acube.libarchive-ios-f";
				PRODUCT_NAME = "$(TARGET_NAME:c99extidentifier)";
				PROVISIONING_PROFILE_SPECIFIER = "";
				SKIP_INSTALL = YES;
				SWIFT_OPTIMIZATION_LEVEL = "-Owholemodule";
				SWIFT_VERSION = 4.0;
				TARGETED_DEVICE_FAMILY = "1,2";
				VERSIONING_SYSTEM = "apple-generic";
				VERSION_INFO_PREFIX = "";
			};
			name = Release;
		};
/* End XCBuildConfiguration section */

/* Begin XCConfigurationList section */
		22C6816A1F0A336100077E19 /* Build configuration list for PBXProject "libarchive_ios" */ = {
			isa = XCConfigurationList;
			buildConfigurations = (
				22C681761F0A336100077E19 /* Debug */,
				22C681771F0A336100077E19 /* Release */,
			);
			defaultConfigurationIsVisible = 0;
			defaultConfigurationName = Release;
		};
		22E03F321F0A482B00974EA7 /* Build configuration list for PBXNativeTarget "libarchive_ios" */ = {
			isa = XCConfigurationList;
			buildConfigurations = (
				22E03F301F0A482B00974EA7 /* Debug */,
				22E03F311F0A482B00974EA7 /* Release */,
			);
			defaultConfigurationIsVisible = 0;
			defaultConfigurationName = Release;
		};
/* End XCConfigurationList section */
	};
	rootObject = 22C681671F0A336100077E19 /* Project object */;
}
