{
  "object": {
    "pins": [
      {
        "package": "FMake",
        "repositoryURL": "https://github.com/yury/FMake",
        "state": {
          "branch": null,
          "revision": "1a19d51fc4f74f4c33e4540e395f98faee6e7c4d",
          "version": "0.0.15"
        }
      }
    ]
  },
  "version": 1
}
